
Microsoft Visual Studio Solution File, Format Version 12.00
# Visual Studio 15
VisualStudioVersion = 15.0.28307.102
MinimumVisualStudioVersion = 10.0.40219.1
Project("{9A19103F-16F7-4668-BE54-9A1E7A4F7556}") = "P01.EvenLines", "P01.EvenLines\P01.EvenLines.csproj", "{A3CE1C3A-E388-4685-9F3D-6201585A9A7D}"
EndProject
Project("{9A19103F-16F7-4668-BE54-9A1E7A4F7556}") = "P02.LineNumbers", "P02.LineNumbers\P02.LineNumbers.csproj", "{D2C2D04E-29F4-45CD-AFC0-021A4C24E724}"
EndProject
Project("{9A19103F-16F7-4668-BE54-9A1E7A4F7556}") = "P03.WordCount", "P03.WordCount\P03.WordCount.csproj", "{DE8DDC11-0647-45A2-B3DC-5C0495AF75E3}"
EndProject
Project("{9A19103F-16F7-4668-BE54-9A1E7A4F7556}") = "P04.CopyBinaryFile", "P04.CopyBinaryFile\P04.CopyBinaryFile.csproj", "{B0C02775-E455-48B6-B237-87CADCAC1FF6}"
EndProject
Project("{9A19103F-16F7-4668-BE54-9A1E7A4F7556}") = "P06.FullDirectoryTraversal", "P06.FullDirectoryTraversal\P06.FullDirectoryTraversal.csproj", "{2381BA01-102A-4E8D-B3B2-300A6A8103CE}"
EndProject
Project("{FAE04EC0-301F-11D3-BF4B-00C04F79EFBC}") = "P05.DirectoryTraversal", "P05.DirectoryTraversal\P05.DirectoryTraversal.csproj", "{55DC0AEA-134E-4769-9900-87BFFF5AC5FD}"
EndProject
Global
	GlobalSection(SolutionConfigurationPlatforms) = preSolution
		Debug|Any CPU = Debug|Any CPU
		Debug|ARM = Debug|ARM
		Debug|ARM64 = Debug|ARM64
		Debug|x64 = Debug|x64
		Debug|x86 = Debug|x86
		Release|Any CPU = Release|Any CPU
		Release|ARM = Release|ARM
		Release|ARM64 = Release|ARM64
		Release|x64 = Release|x64
		Release|x86 = Release|x86
	EndGlobalSection
	GlobalSection(ProjectConfigurationPlatforms) = postSolution
		{A3CE1C3A-E388-4685-9F3D-6201585A9A7D}.Debug|Any CPU.ActiveCfg = Debug|Any CPU
		{A3CE1C3A-E388-4685-9F3D-6201585A9A7D}.Debug|Any CPU.Build.0 = Debug|Any CPU
		{A3CE1C3A-E388-4685-9F3D-6201585A9A7D}.Debug|ARM.ActiveCfg = Debug|Any CPU
		{A3CE1C3A-E388-4685-9F3D-6201585A9A7D}.Debug|ARM.Build.0 = Debug|Any CPU
		{A3CE1C3A-E388-4685-9F3D-6201585A9A7D}.Debug|ARM64.ActiveCfg = Debug|Any CPU
		{A3CE1C3A-E388-4685-9F3D-6201585A9A7D}.Debug|ARM64.Build.0 = Debug|Any CPU
		{A3CE1C3A-E388-4685-9F3D-6201585A9A7D}.Debug|x64.ActiveCfg = Debug|Any CPU
		{A3CE1C3A-E388-4685-9F3D-6201585A9A7D}.Debug|x64.Build.0 = Debug|Any CPU
		{A3CE1C3A-E388-4685-9F3D-6201585A9A7D}.Debug|x86.ActiveCfg = Debug|Any CPU
		{A3CE1C3A-E388-4685-9F3D-6201585A9A7D}.Debug|x86.Build.0 = Debug|Any CPU
		{A3CE1C3A-E388-4685-9F3D-6201585A9A7D}.Release|Any CPU.ActiveCfg = Release|Any CPU
		{A3CE1C3A-E388-4685-9F3D-6201585A9A7D}.Release|Any CPU.Build.0 = Release|Any CPU
		{A3CE1C3A-E388-4685-9F3D-6201585A9A7D}.Release|ARM.ActiveCfg = Release|Any CPU
		{A3CE1C3A-E388-4685-9F3D-6201585A9A7D}.Release|ARM.Build.0 = Release|Any CPU
		{A3CE1C3A-E388-4685-9F3D-6201585A9A7D}.Release|ARM64.ActiveCfg = Release|Any CPU
		{A3CE1C3A-E388-4685-9F3D-6201585A9A7D}.Release|ARM64.Build.0 = Release|Any CPU
		{A3CE1C3A-E388-4685-9F3D-6201585A9A7D}.Release|x64.ActiveCfg = Release|Any CPU
		{A3CE1C3A-E388-4685-9F3D-6201585A9A7D}.Release|x64.Build.0 = Release|Any CPU
		{A3CE1C3A-E388-4685-9F3D-6201585A9A7D}.Release|x86.ActiveCfg = Release|Any CPU
		{A3CE1C3A-E388-4685-9F3D-6201585A9A7D}.Release|x86.Build.0 = Release|Any CPU
		{D2C2D04E-29F4-45CD-AFC0-021A4C24E724}.Debug|Any CPU.ActiveCfg = Debug|Any CPU
		{D2C2D04E-29F4-45CD-AFC0-021A4C24E724}.Debug|Any CPU.Build.0 = Debug|Any CPU
		{D2C2D04E-29F4-45CD-AFC0-021A4C24E724}.Debug|ARM.ActiveCfg = Debug|Any CPU
		{D2C2D04E-29F4-45CD-AFC0-021A4C24E724}.Debug|ARM.Build.0 = Debug|Any CPU
		{D2C2D04E-29F4-45CD-AFC0-021A4C24E724}.Debug|ARM64.ActiveCfg = Debug|Any CPU
		{D2C2D04E-29F4-45CD-AFC0-021A4C24E724}.Debug|ARM64.Build.0 = Debug|Any CPU
		{D2C2D04E-29F4-45CD-AFC0-021A4C24E724}.Debug|x64.ActiveCfg = Debug|Any CPU
		{D2C2D04E-29F4-45CD-AFC0-021A4C24E724}.Debug|x64.Build.0 = Debug|Any CPU
		{D2C2D04E-29F4-45CD-AFC0-021A4C24E724}.Debug|x86.ActiveCfg = Debug|Any CPU
		{D2C2D04E-29F4-45CD-AFC0-021A4C24E724}.Debug|x86.Build.0 = Debug|Any CPU
		{D2C2D04E-29F4-45CD-AFC0-021A4C24E724}.Release|Any CPU.ActiveCfg = Release|Any CPU
		{D2C2D04E-29F4-45CD-AFC0-021A4C24E724}.Release|Any CPU.Build.0 = Release|Any CPU
		{D2C2D04E-29F4-45CD-AFC0-021A4C24E724}.Release|ARM.ActiveCfg = Release|Any CPU
		{D2C2D04E-29F4-45CD-AFC0-021A4C24E724}.Release|ARM.Build.0 = Release|Any CPU
		{D2C2D04E-29F4-45CD-AFC0-021A4C24E724}.Release|ARM64.ActiveCfg = Release|Any CPU
		{D2C2D04E-29F4-45CD-AFC0-021A4C24E724}.Release|ARM64.Build.0 = Release|Any CPU
		{D2C2D04E-29F4-45CD-AFC0-021A4C24E724}.Release|x64.ActiveCfg = Release|Any CPU
		{D2C2D04E-29F4-45CD-AFC0-021A4C24E724}.Release|x64.Build.0 = Release|Any CPU
		{D2C2D04E-29F4-45CD-AFC0-021A4C24E724}.Release|x86.ActiveCfg = Release|Any CPU
		{D2C2D04E-29F4-45CD-AFC0-021A4C24E724}.Release|x86.Build.0 = Release|Any CPU
		{DE8DDC11-0647-45A2-B3DC-5C0495AF75E3}.Debug|Any CPU.ActiveCfg = Debug|Any CPU
		{DE8DDC11-0647-45A2-B3DC-5C0495AF75E3}.Debug|Any CPU.Build.0 = Debug|Any CPU
		{DE8DDC11-0647-45A2-B3DC-5C0495AF75E3}.Debug|ARM.ActiveCfg = Debug|Any CPU
		{DE8DDC11-0647-45A2-B3DC-5C0495AF75E3}.Debug|ARM.Build.0 = Debug|Any CPU
		{DE8DDC11-0647-45A2-B3DC-5C0495AF75E3}.Debug|ARM64.ActiveCfg = Debug|Any CPU
		{DE8DDC11-0647-45A2-B3DC-5C0495AF75E3}.Debug|ARM64.Build.0 = Debug|Any CPU
		{DE8DDC11-0647-45A2-B3DC-5C0495AF75E3}.Debug|x64.ActiveCfg = Debug|Any CPU
		{DE8DDC11-0647-45A2-B3DC-5C0495AF75E3}.Debug|x64.Build.0 = Debug|Any CPU
		{DE8DDC11-0647-45A2-B3DC-5C0495AF75E3}.Debug|x86.ActiveCfg = Debug|Any CPU
		{DE8DDC11-0647-45A2-B3DC-5C0495AF75E3}.Debug|x86.Build.0 = Debug|Any CPU
		{DE8DDC11-0647-45A2-B3DC-5C0495AF75E3}.Release|Any CPU.ActiveCfg = Release|Any CPU
		{DE8DDC11-0647-45A2-B3DC-5C0495AF75E3}.Release|Any CPU.Build.0 = Release|Any CPU
		{DE8DDC11-0647-45A2-B3DC-5C0495AF75E3}.Release|ARM.ActiveCfg = Release|Any CPU
		{DE8DDC11-0647-45A2-B3DC-5C0495AF75E3}.Release|ARM.Build.0 = Release|Any CPU
		{DE8DDC11-0647-45A2-B3DC-5C0495AF75E3}.Release|ARM64.ActiveCfg = Release|Any CPU
		{DE8DDC11-0647-45A2-B3DC-5C0495AF75E3}.Release|ARM64.Build.0 = Release|Any CPU
		{DE8DDC11-0647-45A2-B3DC-5C0495AF75E3}.Release|x64.ActiveCfg = Release|Any CPU
		{DE8DDC11-0647-45A2-B3DC-5C0495AF75E3}.Release|x64.Build.0 = Release|Any CPU
		{DE8DDC11-0647-45A2-B3DC-5C0495AF75E3}.Release|x86.ActiveCfg = Release|Any CPU
		{DE8DDC11-0647-45A2-B3DC-5C0495AF75E3}.Release|x86.Build.0 = Release|Any CPU
		{B0C02775-E455-48B6-B237-87CADCAC1FF6}.Debug|Any CPU.ActiveCfg = Debug|Any CPU
		{B0C02775-E455-48B6-B237-87CADCAC1FF6}.Debug|Any CPU.Build.0 = Debug|Any CPU
		{B0C02775-E455-48B6-B237-87CADCAC1FF6}.Debug|ARM.ActiveCfg = Debug|Any CPU
		{B0C02775-E455-48B6-B237-87CADCAC1FF6}.Debug|ARM.Build.0 = Debug|Any CPU
		{B0C02775-E455-48B6-B237-87CADCAC1FF6}.Debug|ARM64.ActiveCfg = Debug|Any CPU
		{B0C02775-E455-48B6-B237-87CADCAC1FF6}.Debug|ARM64.Build.0 = Debug|Any CPU
		{B0C02775-E455-48B6-B237-87CADCAC1FF6}.Debug|x64.ActiveCfg = Debug|Any CPU
		{B0C02775-E455-48B6-B237-87CADCAC1FF6}.Debug|x64.Build.0 = Debug|Any CPU
		{B0C02775-E455-48B6-B237-87CADCAC1FF6}.Debug|x86.ActiveCfg = Debug|Any CPU
		{B0C02775-E455-48B6-B237-87CADCAC1FF6}.Debug|x86.Build.0 = Debug|Any CPU
		{B0C02775-E455-48B6-B237-87CADCAC1FF6}.Release|Any CPU.ActiveCfg = Release|Any CPU
		{B0C02775-E455-48B6-B237-87CADCAC1FF6}.Release|Any CPU.Build.0 = Release|Any CPU
		{B0C02775-E455-48B6-B237-87CADCAC1FF6}.Release|ARM.ActiveCfg = Release|Any CPU
		{B0C02775-E455-48B6-B237-87CADCAC1FF6}.Release|ARM.Build.0 = Release|Any CPU
		{B0C02775-E455-48B6-B237-87CADCAC1FF6}.Release|ARM64.ActiveCfg = Release|Any CPU
		{B0C02775-E455-48B6-B237-87CADCAC1FF6}.Release|ARM64.Build.0 = Release|Any CPU
		{B0C02775-E455-48B6-B237-87CADCAC1FF6}.Release|x64.ActiveCfg = Release|Any CPU
		{B0C02775-E455-48B6-B237-87CADCAC1FF6}.Release|x64.Build.0 = Release|Any CPU
		{B0C02775-E455-48B6-B237-87CADCAC1FF6}.Release|x86.ActiveCfg = Release|Any CPU
		{B0C02775-E455-48B6-B237-87CADCAC1FF6}.Release|x86.Build.0 = Release|Any CPU
		{2381BA01-102A-4E8D-B3B2-300A6A8103CE}.Debug|Any CPU.ActiveCfg = Debug|Any CPU
		{2381BA01-102A-4E8D-B3B2-300A6A8103CE}.Debug|Any CPU.Build.0 = Debug|Any CPU
		{2381BA01-102A-4E8D-B3B2-300A6A8103CE}.Debug|ARM.ActiveCfg = Debug|Any CPU
		{2381BA01-102A-4E8D-B3B2-300A6A8103CE}.Debug|ARM.Build.0 = Debug|Any CPU
		{2381BA01-102A-4E8D-B3B2-300A6A8103CE}.Debug|ARM64.ActiveCfg = Debug|Any CPU
		{2381BA01-102A-4E8D-B3B2-300A6A8103CE}.Debug|ARM64.Build.0 = Debug|Any CPU
		{2381BA01-102A-4E8D-B3B2-300A6A8103CE}.Debug|x64.ActiveCfg = Debug|Any CPU
		{2381BA01-102A-4E8D-B3B2-300A6A8103CE}.Debug|x64.Build.0 = Debug|Any CPU
		{2381BA01-102A-4E8D-B3B2-300A6A8103CE}.Debug|x86.ActiveCfg = Debug|Any CPU
		{2381BA01-102A-4E8D-B3B2-300A6A8103CE}.Debug|x86.Build.0 = Debug|Any CPU
		{2381BA01-102A-4E8D-B3B2-300A6A8103CE}.Release|Any CPU.ActiveCfg = Release|Any CPU
		{2381BA01-102A-4E8D-B3B2-300A6A8103CE}.Release|Any CPU.Build.0 = Release|Any CPU
		{2381BA01-102A-4E8D-B3B2-300A6A8103CE}.Release|ARM.ActiveCfg = Release|Any CPU
		{2381BA01-102A-4E8D-B3B2-300A6A8103CE}.Release|ARM.Build.0 = Release|Any CPU
		{2381BA01-102A-4E8D-B3B2-300A6A8103CE}.Release|ARM64.ActiveCfg = Release|Any CPU
		{2381BA01-102A-4E8D-B3B2-300A6A8103CE}.Release|ARM64.Build.0 = Release|Any CPU
		{2381BA01-102A-4E8D-B3B2-300A6A8103CE}.Release|x64.ActiveCfg = Release|Any CPU
		{2381BA01-102A-4E8D-B3B2-300A6A8103CE}.Release|x64.Build.0 = Release|Any CPU
		{2381BA01-102A-4E8D-B3B2-300A6A8103CE}.Release|x86.ActiveCfg = Release|Any CPU
		{2381BA01-102A-4E8D-B3B2-300A6A8103CE}.Release|x86.Build.0 = Release|Any CPU
		{55DC0AEA-134E-4769-9900-87BFFF5AC5FD}.Debug|Any CPU.ActiveCfg = Debug|Any CPU
		{55DC0AEA-134E-4769-9900-87BFFF5AC5FD}.Debug|Any CPU.Build.0 = Debug|Any CPU
		{55DC0AEA-134E-4769-9900-87BFFF5AC5FD}.Debug|ARM.ActiveCfg = Debug|Any CPU
		{55DC0AEA-134E-4769-9900-87BFFF5AC5FD}.Debug|ARM.Build.0 = Debug|Any CPU
		{55DC0AEA-134E-4769-9900-87BFFF5AC5FD}.Debug|ARM64.ActiveCfg = Debug|Any CPU
		{55DC0AEA-134E-4769-9900-87BFFF5AC5FD}.Debug|ARM64.Build.0 = Debug|Any CPU
		{55DC0AEA-134E-4769-9900-87BFFF5AC5FD}.Debug|x64.ActiveCfg = Debug|Any CPU
		{55DC0AEA-134E-4769-9900-87BFFF5AC5FD}.Debug|x64.Build.0 = Debug|Any CPU
		{55DC0AEA-134E-4769-9900-87BFFF5AC5FD}.Debug|x86.ActiveCfg = Debug|Any CPU
		{55DC0AEA-134E-4769-9900-87BFFF5AC5FD}.Debug|x86.Build.0 = Debug|Any CPU
		{55DC0AEA-134E-4769-9900-87BFFF5AC5FD}.Release|Any CPU.ActiveCfg = Release|Any CPU
		{55DC0AEA-134E-4769-9900-87BFFF5AC5FD}.Release|Any CPU.Build.0 = Release|Any CPU
		{55DC0AEA-134E-4769-9900-87BFFF5AC5FD}.Release|ARM.ActiveCfg = Release|Any CPU
		{55DC0AEA-134E-4769-9900-87BFFF5AC5FD}.Release|ARM.Build.0 = Release|Any CPU
		{55DC0AEA-134E-4769-9900-87BFFF5AC5FD}.Release|ARM64.ActiveCfg = Release|Any CPU
		{55DC0AEA-134E-4769-9900-87BFFF5AC5FD}.Release|ARM64.Build.0 = Release|Any CPU
		{55DC0AEA-134E-4769-9900-87BFFF5AC5FD}.Release|x64.ActiveCfg = Release|Any CPU
		{55DC0AEA-134E-4769-9900-87BFFF5AC5FD}.Release|x64.Build.0 = Release|Any CPU
		{55DC0AEA-134E-4769-9900-87BFFF5AC5FD}.Release|x86.ActiveCfg = Release|Any CPU
		{55DC0AEA-134E-4769-9900-87BFFF5AC5FD}.Release|x86.Build.0 = Release|Any CPU
	EndGlobalSection
	GlobalSection(SolutionProperties) = preSolution
		HideSolutionNode = FALSE
	EndGlobalSection
	GlobalSection(ExtensibilityGlobals) = postSolution
		SolutionGuid = {AACFBE04-1BCB-4ADD-BB39-5A433392B270}
	EndGlobalSection
EndGlobal
