
Microsoft Visual Studio Solution File, Format Version 12.00
# Visual Studio 15
VisualStudioVersion = 15.0.28307.102
MinimumVisualStudioVersion = 10.0.40219.1
Project("{9A19103F-16F7-4668-BE54-9A1E7A4F7556}") = "SumMatrixElements", "SumMatrixElements\SumMatrixElements.csproj", "{79D0F8ED-6E91-4C94-AB21-D40217C53296}"
EndProject
Project("{9A19103F-16F7-4668-BE54-9A1E7A4F7556}") = "SumMatrixColumns", "SumMatrixColumns\SumMatrixColumns.csproj", "{22497216-5A4E-4D8D-B9B6-83F1B1D9A472}"
EndProject
Project("{9A19103F-16F7-4668-BE54-9A1E7A4F7556}") = "PrimaryDiagonal", "PrimaryDiagonal\PrimaryDiagonal.csproj", "{4B589BAE-BEF9-43EC-98CD-139DEAB133E9}"
EndProject
Project("{9A19103F-16F7-4668-BE54-9A1E7A4F7556}") = "SymbolInMatrix", "SymbolInMatrix\SymbolInMatrix.csproj", "{69221A81-E806-4D3F-B181-C147156BAA73}"
EndProject
Project("{9A19103F-16F7-4668-BE54-9A1E7A4F7556}") = "SquareWithMaximumSum", "SquareWithMaximumSum\SquareWithMaximumSum.csproj", "{9619B5EA-B939-4578-83A3-12A4D0A63EBE}"
EndProject
Project("{9A19103F-16F7-4668-BE54-9A1E7A4F7556}") = "Jagged-ArrayModification", "Jagged-ArrayModification\Jagged-ArrayModification.csproj", "{44A96971-72C0-4076-AD4D-3BF7E9780AEC}"
EndProject
Project("{9A19103F-16F7-4668-BE54-9A1E7A4F7556}") = "PascalTriangle", "PascalTriangle\PascalTriangle.csproj", "{752AC2E1-F7C6-427F-9576-8CDA92CFDCEF}"
EndProject
Project("{9A19103F-16F7-4668-BE54-9A1E7A4F7556}") = "DiagonalDifference", "DiagonalDifference\DiagonalDifference.csproj", "{44162ED3-80BB-445D-B94C-70BE1913B3ED}"
EndProject
Project("{9A19103F-16F7-4668-BE54-9A1E7A4F7556}") = "SquaresInMatrix", "SquaresInMatrix\SquaresInMatrix.csproj", "{9D9A9685-E55A-4663-B531-DAB394614105}"
EndProject
Project("{9A19103F-16F7-4668-BE54-9A1E7A4F7556}") = "MaximalSum", "MaximalSum\MaximalSum.csproj", "{381819CA-CB34-440D-B37C-81FD23FC1E75}"
EndProject
Project("{9A19103F-16F7-4668-BE54-9A1E7A4F7556}") = "MatrixShuffling", "MatrixShuffling\MatrixShuffling.csproj", "{2D748AE3-4DDA-4BEF-9D0C-850FD6FF99B9}"
EndProject
Project("{9A19103F-16F7-4668-BE54-9A1E7A4F7556}") = "SnakeMoves", "SnakeMoves\SnakeMoves.csproj", "{C36046DE-6C7E-4A20-8D8A-DB454729B488}"
EndProject
Project("{FAE04EC0-301F-11D3-BF4B-00C04F79EFBC}") = "BombTheBasement", "BombTheBasement\BombTheBasement.csproj", "{98565B31-F831-491A-8FA1-09B0B42CAE9E}"
EndProject
Project("{FAE04EC0-301F-11D3-BF4B-00C04F79EFBC}") = "KnightGame", "KnightGame\KnightGame.csproj", "{271C6E77-BEB1-4C3E-B430-CF0662D72B65}"
EndProject
Global
	GlobalSection(SolutionConfigurationPlatforms) = preSolution
		Debug|Any CPU = Debug|Any CPU
		Debug|ARM = Debug|ARM
		Debug|ARM64 = Debug|ARM64
		Debug|x64 = Debug|x64
		Debug|x86 = Debug|x86
		Release|Any CPU = Release|Any CPU
		Release|ARM = Release|ARM
		Release|ARM64 = Release|ARM64
		Release|x64 = Release|x64
		Release|x86 = Release|x86
	EndGlobalSection
	GlobalSection(ProjectConfigurationPlatforms) = postSolution
		{79D0F8ED-6E91-4C94-AB21-D40217C53296}.Debug|Any CPU.ActiveCfg = Debug|Any CPU
		{79D0F8ED-6E91-4C94-AB21-D40217C53296}.Debug|Any CPU.Build.0 = Debug|Any CPU
		{79D0F8ED-6E91-4C94-AB21-D40217C53296}.Debug|ARM.ActiveCfg = Debug|Any CPU
		{79D0F8ED-6E91-4C94-AB21-D40217C53296}.Debug|ARM.Build.0 = Debug|Any CPU
		{79D0F8ED-6E91-4C94-AB21-D40217C53296}.Debug|ARM64.ActiveCfg = Debug|Any CPU
		{79D0F8ED-6E91-4C94-AB21-D40217C53296}.Debug|ARM64.Build.0 = Debug|Any CPU
		{79D0F8ED-6E91-4C94-AB21-D40217C53296}.Debug|x64.ActiveCfg = Debug|Any CPU
		{79D0F8ED-6E91-4C94-AB21-D40217C53296}.Debug|x64.Build.0 = Debug|Any CPU
		{79D0F8ED-6E91-4C94-AB21-D40217C53296}.Debug|x86.ActiveCfg = Debug|Any CPU
		{79D0F8ED-6E91-4C94-AB21-D40217C53296}.Debug|x86.Build.0 = Debug|Any CPU
		{79D0F8ED-6E91-4C94-AB21-D40217C53296}.Release|Any CPU.ActiveCfg = Release|Any CPU
		{79D0F8ED-6E91-4C94-AB21-D40217C53296}.Release|Any CPU.Build.0 = Release|Any CPU
		{79D0F8ED-6E91-4C94-AB21-D40217C53296}.Release|ARM.ActiveCfg = Release|Any CPU
		{79D0F8ED-6E91-4C94-AB21-D40217C53296}.Release|ARM.Build.0 = Release|Any CPU
		{79D0F8ED-6E91-4C94-AB21-D40217C53296}.Release|ARM64.ActiveCfg = Release|Any CPU
		{79D0F8ED-6E91-4C94-AB21-D40217C53296}.Release|ARM64.Build.0 = Release|Any CPU
		{79D0F8ED-6E91-4C94-AB21-D40217C53296}.Release|x64.ActiveCfg = Release|Any CPU
		{79D0F8ED-6E91-4C94-AB21-D40217C53296}.Release|x64.Build.0 = Release|Any CPU
		{79D0F8ED-6E91-4C94-AB21-D40217C53296}.Release|x86.ActiveCfg = Release|Any CPU
		{79D0F8ED-6E91-4C94-AB21-D40217C53296}.Release|x86.Build.0 = Release|Any CPU
		{22497216-5A4E-4D8D-B9B6-83F1B1D9A472}.Debug|Any CPU.ActiveCfg = Debug|Any CPU
		{22497216-5A4E-4D8D-B9B6-83F1B1D9A472}.Debug|Any CPU.Build.0 = Debug|Any CPU
		{22497216-5A4E-4D8D-B9B6-83F1B1D9A472}.Debug|ARM.ActiveCfg = Debug|Any CPU
		{22497216-5A4E-4D8D-B9B6-83F1B1D9A472}.Debug|ARM.Build.0 = Debug|Any CPU
		{22497216-5A4E-4D8D-B9B6-83F1B1D9A472}.Debug|ARM64.ActiveCfg = Debug|Any CPU
		{22497216-5A4E-4D8D-B9B6-83F1B1D9A472}.Debug|ARM64.Build.0 = Debug|Any CPU
		{22497216-5A4E-4D8D-B9B6-83F1B1D9A472}.Debug|x64.ActiveCfg = Debug|Any CPU
		{22497216-5A4E-4D8D-B9B6-83F1B1D9A472}.Debug|x64.Build.0 = Debug|Any CPU
		{22497216-5A4E-4D8D-B9B6-83F1B1D9A472}.Debug|x86.ActiveCfg = Debug|Any CPU
		{22497216-5A4E-4D8D-B9B6-83F1B1D9A472}.Debug|x86.Build.0 = Debug|Any CPU
		{22497216-5A4E-4D8D-B9B6-83F1B1D9A472}.Release|Any CPU.ActiveCfg = Release|Any CPU
		{22497216-5A4E-4D8D-B9B6-83F1B1D9A472}.Release|Any CPU.Build.0 = Release|Any CPU
		{22497216-5A4E-4D8D-B9B6-83F1B1D9A472}.Release|ARM.ActiveCfg = Release|Any CPU
		{22497216-5A4E-4D8D-B9B6-83F1B1D9A472}.Release|ARM.Build.0 = Release|Any CPU
		{22497216-5A4E-4D8D-B9B6-83F1B1D9A472}.Release|ARM64.ActiveCfg = Release|Any CPU
		{22497216-5A4E-4D8D-B9B6-83F1B1D9A472}.Release|ARM64.Build.0 = Release|Any CPU
		{22497216-5A4E-4D8D-B9B6-83F1B1D9A472}.Release|x64.ActiveCfg = Release|Any CPU
		{22497216-5A4E-4D8D-B9B6-83F1B1D9A472}.Release|x64.Build.0 = Release|Any CPU
		{22497216-5A4E-4D8D-B9B6-83F1B1D9A472}.Release|x86.ActiveCfg = Release|Any CPU
		{22497216-5A4E-4D8D-B9B6-83F1B1D9A472}.Release|x86.Build.0 = Release|Any CPU
		{4B589BAE-BEF9-43EC-98CD-139DEAB133E9}.Debug|Any CPU.ActiveCfg = Debug|Any CPU
		{4B589BAE-BEF9-43EC-98CD-139DEAB133E9}.Debug|Any CPU.Build.0 = Debug|Any CPU
		{4B589BAE-BEF9-43EC-98CD-139DEAB133E9}.Debug|ARM.ActiveCfg = Debug|Any CPU
		{4B589BAE-BEF9-43EC-98CD-139DEAB133E9}.Debug|ARM.Build.0 = Debug|Any CPU
		{4B589BAE-BEF9-43EC-98CD-139DEAB133E9}.Debug|ARM64.ActiveCfg = Debug|Any CPU
		{4B589BAE-BEF9-43EC-98CD-139DEAB133E9}.Debug|ARM64.Build.0 = Debug|Any CPU
		{4B589BAE-BEF9-43EC-98CD-139DEAB133E9}.Debug|x64.ActiveCfg = Debug|Any CPU
		{4B589BAE-BEF9-43EC-98CD-139DEAB133E9}.Debug|x64.Build.0 = Debug|Any CPU
		{4B589BAE-BEF9-43EC-98CD-139DEAB133E9}.Debug|x86.ActiveCfg = Debug|Any CPU
		{4B589BAE-BEF9-43EC-98CD-139DEAB133E9}.Debug|x86.Build.0 = Debug|Any CPU
		{4B589BAE-BEF9-43EC-98CD-139DEAB133E9}.Release|Any CPU.ActiveCfg = Release|Any CPU
		{4B589BAE-BEF9-43EC-98CD-139DEAB133E9}.Release|Any CPU.Build.0 = Release|Any CPU
		{4B589BAE-BEF9-43EC-98CD-139DEAB133E9}.Release|ARM.ActiveCfg = Release|Any CPU
		{4B589BAE-BEF9-43EC-98CD-139DEAB133E9}.Release|ARM.Build.0 = Release|Any CPU
		{4B589BAE-BEF9-43EC-98CD-139DEAB133E9}.Release|ARM64.ActiveCfg = Release|Any CPU
		{4B589BAE-BEF9-43EC-98CD-139DEAB133E9}.Release|ARM64.Build.0 = Release|Any CPU
		{4B589BAE-BEF9-43EC-98CD-139DEAB133E9}.Release|x64.ActiveCfg = Release|Any CPU
		{4B589BAE-BEF9-43EC-98CD-139DEAB133E9}.Release|x64.Build.0 = Release|Any CPU
		{4B589BAE-BEF9-43EC-98CD-139DEAB133E9}.Release|x86.ActiveCfg = Release|Any CPU
		{4B589BAE-BEF9-43EC-98CD-139DEAB133E9}.Release|x86.Build.0 = Release|Any CPU
		{69221A81-E806-4D3F-B181-C147156BAA73}.Debug|Any CPU.ActiveCfg = Debug|Any CPU
		{69221A81-E806-4D3F-B181-C147156BAA73}.Debug|Any CPU.Build.0 = Debug|Any CPU
		{69221A81-E806-4D3F-B181-C147156BAA73}.Debug|ARM.ActiveCfg = Debug|Any CPU
		{69221A81-E806-4D3F-B181-C147156BAA73}.Debug|ARM.Build.0 = Debug|Any CPU
		{69221A81-E806-4D3F-B181-C147156BAA73}.Debug|ARM64.ActiveCfg = Debug|Any CPU
		{69221A81-E806-4D3F-B181-C147156BAA73}.Debug|ARM64.Build.0 = Debug|Any CPU
		{69221A81-E806-4D3F-B181-C147156BAA73}.Debug|x64.ActiveCfg = Debug|Any CPU
		{69221A81-E806-4D3F-B181-C147156BAA73}.Debug|x64.Build.0 = Debug|Any CPU
		{69221A81-E806-4D3F-B181-C147156BAA73}.Debug|x86.ActiveCfg = Debug|Any CPU
		{69221A81-E806-4D3F-B181-C147156BAA73}.Debug|x86.Build.0 = Debug|Any CPU
		{69221A81-E806-4D3F-B181-C147156BAA73}.Release|Any CPU.ActiveCfg = Release|Any CPU
		{69221A81-E806-4D3F-B181-C147156BAA73}.Release|Any CPU.Build.0 = Release|Any CPU
		{69221A81-E806-4D3F-B181-C147156BAA73}.Release|ARM.ActiveCfg = Release|Any CPU
		{69221A81-E806-4D3F-B181-C147156BAA73}.Release|ARM.Build.0 = Release|Any CPU
		{69221A81-E806-4D3F-B181-C147156BAA73}.Release|ARM64.ActiveCfg = Release|Any CPU
		{69221A81-E806-4D3F-B181-C147156BAA73}.Release|ARM64.Build.0 = Release|Any CPU
		{69221A81-E806-4D3F-B181-C147156BAA73}.Release|x64.ActiveCfg = Release|Any CPU
		{69221A81-E806-4D3F-B181-C147156BAA73}.Release|x64.Build.0 = Release|Any CPU
		{69221A81-E806-4D3F-B181-C147156BAA73}.Release|x86.ActiveCfg = Release|Any CPU
		{69221A81-E806-4D3F-B181-C147156BAA73}.Release|x86.Build.0 = Release|Any CPU
		{9619B5EA-B939-4578-83A3-12A4D0A63EBE}.Debug|Any CPU.ActiveCfg = Debug|Any CPU
		{9619B5EA-B939-4578-83A3-12A4D0A63EBE}.Debug|Any CPU.Build.0 = Debug|Any CPU
		{9619B5EA-B939-4578-83A3-12A4D0A63EBE}.Debug|ARM.ActiveCfg = Debug|Any CPU
		{9619B5EA-B939-4578-83A3-12A4D0A63EBE}.Debug|ARM.Build.0 = Debug|Any CPU
		{9619B5EA-B939-4578-83A3-12A4D0A63EBE}.Debug|ARM64.ActiveCfg = Debug|Any CPU
		{9619B5EA-B939-4578-83A3-12A4D0A63EBE}.Debug|ARM64.Build.0 = Debug|Any CPU
		{9619B5EA-B939-4578-83A3-12A4D0A63EBE}.Debug|x64.ActiveCfg = Debug|Any CPU
		{9619B5EA-B939-4578-83A3-12A4D0A63EBE}.Debug|x64.Build.0 = Debug|Any CPU
		{9619B5EA-B939-4578-83A3-12A4D0A63EBE}.Debug|x86.ActiveCfg = Debug|Any CPU
		{9619B5EA-B939-4578-83A3-12A4D0A63EBE}.Debug|x86.Build.0 = Debug|Any CPU
		{9619B5EA-B939-4578-83A3-12A4D0A63EBE}.Release|Any CPU.ActiveCfg = Release|Any CPU
		{9619B5EA-B939-4578-83A3-12A4D0A63EBE}.Release|Any CPU.Build.0 = Release|Any CPU
		{9619B5EA-B939-4578-83A3-12A4D0A63EBE}.Release|ARM.ActiveCfg = Release|Any CPU
		{9619B5EA-B939-4578-83A3-12A4D0A63EBE}.Release|ARM.Build.0 = Release|Any CPU
		{9619B5EA-B939-4578-83A3-12A4D0A63EBE}.Release|ARM64.ActiveCfg = Release|Any CPU
		{9619B5EA-B939-4578-83A3-12A4D0A63EBE}.Release|ARM64.Build.0 = Release|Any CPU
		{9619B5EA-B939-4578-83A3-12A4D0A63EBE}.Release|x64.ActiveCfg = Release|Any CPU
		{9619B5EA-B939-4578-83A3-12A4D0A63EBE}.Release|x64.Build.0 = Release|Any CPU
		{9619B5EA-B939-4578-83A3-12A4D0A63EBE}.Release|x86.ActiveCfg = Release|Any CPU
		{9619B5EA-B939-4578-83A3-12A4D0A63EBE}.Release|x86.Build.0 = Release|Any CPU
		{44A96971-72C0-4076-AD4D-3BF7E9780AEC}.Debug|Any CPU.ActiveCfg = Debug|Any CPU
		{44A96971-72C0-4076-AD4D-3BF7E9780AEC}.Debug|Any CPU.Build.0 = Debug|Any CPU
		{44A96971-72C0-4076-AD4D-3BF7E9780AEC}.Debug|ARM.ActiveCfg = Debug|Any CPU
		{44A96971-72C0-4076-AD4D-3BF7E9780AEC}.Debug|ARM.Build.0 = Debug|Any CPU
		{44A96971-72C0-4076-AD4D-3BF7E9780AEC}.Debug|ARM64.ActiveCfg = Debug|Any CPU
		{44A96971-72C0-4076-AD4D-3BF7E9780AEC}.Debug|ARM64.Build.0 = Debug|Any CPU
		{44A96971-72C0-4076-AD4D-3BF7E9780AEC}.Debug|x64.ActiveCfg = Debug|Any CPU
		{44A96971-72C0-4076-AD4D-3BF7E9780AEC}.Debug|x64.Build.0 = Debug|Any CPU
		{44A96971-72C0-4076-AD4D-3BF7E9780AEC}.Debug|x86.ActiveCfg = Debug|Any CPU
		{44A96971-72C0-4076-AD4D-3BF7E9780AEC}.Debug|x86.Build.0 = Debug|Any CPU
		{44A96971-72C0-4076-AD4D-3BF7E9780AEC}.Release|Any CPU.ActiveCfg = Release|Any CPU
		{44A96971-72C0-4076-AD4D-3BF7E9780AEC}.Release|Any CPU.Build.0 = Release|Any CPU
		{44A96971-72C0-4076-AD4D-3BF7E9780AEC}.Release|ARM.ActiveCfg = Release|Any CPU
		{44A96971-72C0-4076-AD4D-3BF7E9780AEC}.Release|ARM.Build.0 = Release|Any CPU
		{44A96971-72C0-4076-AD4D-3BF7E9780AEC}.Release|ARM64.ActiveCfg = Release|Any CPU
		{44A96971-72C0-4076-AD4D-3BF7E9780AEC}.Release|ARM64.Build.0 = Release|Any CPU
		{44A96971-72C0-4076-AD4D-3BF7E9780AEC}.Release|x64.ActiveCfg = Release|Any CPU
		{44A96971-72C0-4076-AD4D-3BF7E9780AEC}.Release|x64.Build.0 = Release|Any CPU
		{44A96971-72C0-4076-AD4D-3BF7E9780AEC}.Release|x86.ActiveCfg = Release|Any CPU
		{44A96971-72C0-4076-AD4D-3BF7E9780AEC}.Release|x86.Build.0 = Release|Any CPU
		{752AC2E1-F7C6-427F-9576-8CDA92CFDCEF}.Debug|Any CPU.ActiveCfg = Debug|Any CPU
		{752AC2E1-F7C6-427F-9576-8CDA92CFDCEF}.Debug|Any CPU.Build.0 = Debug|Any CPU
		{752AC2E1-F7C6-427F-9576-8CDA92CFDCEF}.Debug|ARM.ActiveCfg = Debug|Any CPU
		{752AC2E1-F7C6-427F-9576-8CDA92CFDCEF}.Debug|ARM.Build.0 = Debug|Any CPU
		{752AC2E1-F7C6-427F-9576-8CDA92CFDCEF}.Debug|ARM64.ActiveCfg = Debug|Any CPU
		{752AC2E1-F7C6-427F-9576-8CDA92CFDCEF}.Debug|ARM64.Build.0 = Debug|Any CPU
		{752AC2E1-F7C6-427F-9576-8CDA92CFDCEF}.Debug|x64.ActiveCfg = Debug|Any CPU
		{752AC2E1-F7C6-427F-9576-8CDA92CFDCEF}.Debug|x64.Build.0 = Debug|Any CPU
		{752AC2E1-F7C6-427F-9576-8CDA92CFDCEF}.Debug|x86.ActiveCfg = Debug|Any CPU
		{752AC2E1-F7C6-427F-9576-8CDA92CFDCEF}.Debug|x86.Build.0 = Debug|Any CPU
		{752AC2E1-F7C6-427F-9576-8CDA92CFDCEF}.Release|Any CPU.ActiveCfg = Release|Any CPU
		{752AC2E1-F7C6-427F-9576-8CDA92CFDCEF}.Release|Any CPU.Build.0 = Release|Any CPU
		{752AC2E1-F7C6-427F-9576-8CDA92CFDCEF}.Release|ARM.ActiveCfg = Release|Any CPU
		{752AC2E1-F7C6-427F-9576-8CDA92CFDCEF}.Release|ARM.Build.0 = Release|Any CPU
		{752AC2E1-F7C6-427F-9576-8CDA92CFDCEF}.Release|ARM64.ActiveCfg = Release|Any CPU
		{752AC2E1-F7C6-427F-9576-8CDA92CFDCEF}.Release|ARM64.Build.0 = Release|Any CPU
		{752AC2E1-F7C6-427F-9576-8CDA92CFDCEF}.Release|x64.ActiveCfg = Release|Any CPU
		{752AC2E1-F7C6-427F-9576-8CDA92CFDCEF}.Release|x64.Build.0 = Release|Any CPU
		{752AC2E1-F7C6-427F-9576-8CDA92CFDCEF}.Release|x86.ActiveCfg = Release|Any CPU
		{752AC2E1-F7C6-427F-9576-8CDA92CFDCEF}.Release|x86.Build.0 = Release|Any CPU
		{44162ED3-80BB-445D-B94C-70BE1913B3ED}.Debug|Any CPU.ActiveCfg = Debug|Any CPU
		{44162ED3-80BB-445D-B94C-70BE1913B3ED}.Debug|Any CPU.Build.0 = Debug|Any CPU
		{44162ED3-80BB-445D-B94C-70BE1913B3ED}.Debug|ARM.ActiveCfg = Debug|Any CPU
		{44162ED3-80BB-445D-B94C-70BE1913B3ED}.Debug|ARM.Build.0 = Debug|Any CPU
		{44162ED3-80BB-445D-B94C-70BE1913B3ED}.Debug|ARM64.ActiveCfg = Debug|Any CPU
		{44162ED3-80BB-445D-B94C-70BE1913B3ED}.Debug|ARM64.Build.0 = Debug|Any CPU
		{44162ED3-80BB-445D-B94C-70BE1913B3ED}.Debug|x64.ActiveCfg = Debug|Any CPU
		{44162ED3-80BB-445D-B94C-70BE1913B3ED}.Debug|x64.Build.0 = Debug|Any CPU
		{44162ED3-80BB-445D-B94C-70BE1913B3ED}.Debug|x86.ActiveCfg = Debug|Any CPU
		{44162ED3-80BB-445D-B94C-70BE1913B3ED}.Debug|x86.Build.0 = Debug|Any CPU
		{44162ED3-80BB-445D-B94C-70BE1913B3ED}.Release|Any CPU.ActiveCfg = Release|Any CPU
		{44162ED3-80BB-445D-B94C-70BE1913B3ED}.Release|Any CPU.Build.0 = Release|Any CPU
		{44162ED3-80BB-445D-B94C-70BE1913B3ED}.Release|ARM.ActiveCfg = Release|Any CPU
		{44162ED3-80BB-445D-B94C-70BE1913B3ED}.Release|ARM.Build.0 = Release|Any CPU
		{44162ED3-80BB-445D-B94C-70BE1913B3ED}.Release|ARM64.ActiveCfg = Release|Any CPU
		{44162ED3-80BB-445D-B94C-70BE1913B3ED}.Release|ARM64.Build.0 = Release|Any CPU
		{44162ED3-80BB-445D-B94C-70BE1913B3ED}.Release|x64.ActiveCfg = Release|Any CPU
		{44162ED3-80BB-445D-B94C-70BE1913B3ED}.Release|x64.Build.0 = Release|Any CPU
		{44162ED3-80BB-445D-B94C-70BE1913B3ED}.Release|x86.ActiveCfg = Release|Any CPU
		{44162ED3-80BB-445D-B94C-70BE1913B3ED}.Release|x86.Build.0 = Release|Any CPU
		{9D9A9685-E55A-4663-B531-DAB394614105}.Debug|Any CPU.ActiveCfg = Debug|Any CPU
		{9D9A9685-E55A-4663-B531-DAB394614105}.Debug|Any CPU.Build.0 = Debug|Any CPU
		{9D9A9685-E55A-4663-B531-DAB394614105}.Debug|ARM.ActiveCfg = Debug|Any CPU
		{9D9A9685-E55A-4663-B531-DAB394614105}.Debug|ARM.Build.0 = Debug|Any CPU
		{9D9A9685-E55A-4663-B531-DAB394614105}.Debug|ARM64.ActiveCfg = Debug|Any CPU
		{9D9A9685-E55A-4663-B531-DAB394614105}.Debug|ARM64.Build.0 = Debug|Any CPU
		{9D9A9685-E55A-4663-B531-DAB394614105}.Debug|x64.ActiveCfg = Debug|Any CPU
		{9D9A9685-E55A-4663-B531-DAB394614105}.Debug|x64.Build.0 = Debug|Any CPU
		{9D9A9685-E55A-4663-B531-DAB394614105}.Debug|x86.ActiveCfg = Debug|Any CPU
		{9D9A9685-E55A-4663-B531-DAB394614105}.Debug|x86.Build.0 = Debug|Any CPU
		{9D9A9685-E55A-4663-B531-DAB394614105}.Release|Any CPU.ActiveCfg = Release|Any CPU
		{9D9A9685-E55A-4663-B531-DAB394614105}.Release|Any CPU.Build.0 = Release|Any CPU
		{9D9A9685-E55A-4663-B531-DAB394614105}.Release|ARM.ActiveCfg = Release|Any CPU
		{9D9A9685-E55A-4663-B531-DAB394614105}.Release|ARM.Build.0 = Release|Any CPU
		{9D9A9685-E55A-4663-B531-DAB394614105}.Release|ARM64.ActiveCfg = Release|Any CPU
		{9D9A9685-E55A-4663-B531-DAB394614105}.Release|ARM64.Build.0 = Release|Any CPU
		{9D9A9685-E55A-4663-B531-DAB394614105}.Release|x64.ActiveCfg = Release|Any CPU
		{9D9A9685-E55A-4663-B531-DAB394614105}.Release|x64.Build.0 = Release|Any CPU
		{9D9A9685-E55A-4663-B531-DAB394614105}.Release|x86.ActiveCfg = Release|Any CPU
		{9D9A9685-E55A-4663-B531-DAB394614105}.Release|x86.Build.0 = Release|Any CPU
		{381819CA-CB34-440D-B37C-81FD23FC1E75}.Debug|Any CPU.ActiveCfg = Debug|Any CPU
		{381819CA-CB34-440D-B37C-81FD23FC1E75}.Debug|Any CPU.Build.0 = Debug|Any CPU
		{381819CA-CB34-440D-B37C-81FD23FC1E75}.Debug|ARM.ActiveCfg = Debug|Any CPU
		{381819CA-CB34-440D-B37C-81FD23FC1E75}.Debug|ARM.Build.0 = Debug|Any CPU
		{381819CA-CB34-440D-B37C-81FD23FC1E75}.Debug|ARM64.ActiveCfg = Debug|Any CPU
		{381819CA-CB34-440D-B37C-81FD23FC1E75}.Debug|ARM64.Build.0 = Debug|Any CPU
		{381819CA-CB34-440D-B37C-81FD23FC1E75}.Debug|x64.ActiveCfg = Debug|Any CPU
		{381819CA-CB34-440D-B37C-81FD23FC1E75}.Debug|x64.Build.0 = Debug|Any CPU
		{381819CA-CB34-440D-B37C-81FD23FC1E75}.Debug|x86.ActiveCfg = Debug|Any CPU
		{381819CA-CB34-440D-B37C-81FD23FC1E75}.Debug|x86.Build.0 = Debug|Any CPU
		{381819CA-CB34-440D-B37C-81FD23FC1E75}.Release|Any CPU.ActiveCfg = Release|Any CPU
		{381819CA-CB34-440D-B37C-81FD23FC1E75}.Release|Any CPU.Build.0 = Release|Any CPU
		{381819CA-CB34-440D-B37C-81FD23FC1E75}.Release|ARM.ActiveCfg = Release|Any CPU
		{381819CA-CB34-440D-B37C-81FD23FC1E75}.Release|ARM.Build.0 = Release|Any CPU
		{381819CA-CB34-440D-B37C-81FD23FC1E75}.Release|ARM64.ActiveCfg = Release|Any CPU
		{381819CA-CB34-440D-B37C-81FD23FC1E75}.Release|ARM64.Build.0 = Release|Any CPU
		{381819CA-CB34-440D-B37C-81FD23FC1E75}.Release|x64.ActiveCfg = Release|Any CPU
		{381819CA-CB34-440D-B37C-81FD23FC1E75}.Release|x64.Build.0 = Release|Any CPU
		{381819CA-CB34-440D-B37C-81FD23FC1E75}.Release|x86.ActiveCfg = Release|Any CPU
		{381819CA-CB34-440D-B37C-81FD23FC1E75}.Release|x86.Build.0 = Release|Any CPU
		{2D748AE3-4DDA-4BEF-9D0C-850FD6FF99B9}.Debug|Any CPU.ActiveCfg = Debug|Any CPU
		{2D748AE3-4DDA-4BEF-9D0C-850FD6FF99B9}.Debug|Any CPU.Build.0 = Debug|Any CPU
		{2D748AE3-4DDA-4BEF-9D0C-850FD6FF99B9}.Debug|ARM.ActiveCfg = Debug|Any CPU
		{2D748AE3-4DDA-4BEF-9D0C-850FD6FF99B9}.Debug|ARM.Build.0 = Debug|Any CPU
		{2D748AE3-4DDA-4BEF-9D0C-850FD6FF99B9}.Debug|ARM64.ActiveCfg = Debug|Any CPU
		{2D748AE3-4DDA-4BEF-9D0C-850FD6FF99B9}.Debug|ARM64.Build.0 = Debug|Any CPU
		{2D748AE3-4DDA-4BEF-9D0C-850FD6FF99B9}.Debug|x64.ActiveCfg = Debug|Any CPU
		{2D748AE3-4DDA-4BEF-9D0C-850FD6FF99B9}.Debug|x64.Build.0 = Debug|Any CPU
		{2D748AE3-4DDA-4BEF-9D0C-850FD6FF99B9}.Debug|x86.ActiveCfg = Debug|Any CPU
		{2D748AE3-4DDA-4BEF-9D0C-850FD6FF99B9}.Debug|x86.Build.0 = Debug|Any CPU
		{2D748AE3-4DDA-4BEF-9D0C-850FD6FF99B9}.Release|Any CPU.ActiveCfg = Release|Any CPU
		{2D748AE3-4DDA-4BEF-9D0C-850FD6FF99B9}.Release|Any CPU.Build.0 = Release|Any CPU
		{2D748AE3-4DDA-4BEF-9D0C-850FD6FF99B9}.Release|ARM.ActiveCfg = Release|Any CPU
		{2D748AE3-4DDA-4BEF-9D0C-850FD6FF99B9}.Release|ARM.Build.0 = Release|Any CPU
		{2D748AE3-4DDA-4BEF-9D0C-850FD6FF99B9}.Release|ARM64.ActiveCfg = Release|Any CPU
		{2D748AE3-4DDA-4BEF-9D0C-850FD6FF99B9}.Release|ARM64.Build.0 = Release|Any CPU
		{2D748AE3-4DDA-4BEF-9D0C-850FD6FF99B9}.Release|x64.ActiveCfg = Release|Any CPU
		{2D748AE3-4DDA-4BEF-9D0C-850FD6FF99B9}.Release|x64.Build.0 = Release|Any CPU
		{2D748AE3-4DDA-4BEF-9D0C-850FD6FF99B9}.Release|x86.ActiveCfg = Release|Any CPU
		{2D748AE3-4DDA-4BEF-9D0C-850FD6FF99B9}.Release|x86.Build.0 = Release|Any CPU
		{C36046DE-6C7E-4A20-8D8A-DB454729B488}.Debug|Any CPU.ActiveCfg = Debug|Any CPU
		{C36046DE-6C7E-4A20-8D8A-DB454729B488}.Debug|Any CPU.Build.0 = Debug|Any CPU
		{C36046DE-6C7E-4A20-8D8A-DB454729B488}.Debug|ARM.ActiveCfg = Debug|Any CPU
		{C36046DE-6C7E-4A20-8D8A-DB454729B488}.Debug|ARM.Build.0 = Debug|Any CPU
		{C36046DE-6C7E-4A20-8D8A-DB454729B488}.Debug|ARM64.ActiveCfg = Debug|Any CPU
		{C36046DE-6C7E-4A20-8D8A-DB454729B488}.Debug|ARM64.Build.0 = Debug|Any CPU
		{C36046DE-6C7E-4A20-8D8A-DB454729B488}.Debug|x64.ActiveCfg = Debug|Any CPU
		{C36046DE-6C7E-4A20-8D8A-DB454729B488}.Debug|x64.Build.0 = Debug|Any CPU
		{C36046DE-6C7E-4A20-8D8A-DB454729B488}.Debug|x86.ActiveCfg = Debug|Any CPU
		{C36046DE-6C7E-4A20-8D8A-DB454729B488}.Debug|x86.Build.0 = Debug|Any CPU
		{C36046DE-6C7E-4A20-8D8A-DB454729B488}.Release|Any CPU.ActiveCfg = Release|Any CPU
		{C36046DE-6C7E-4A20-8D8A-DB454729B488}.Release|Any CPU.Build.0 = Release|Any CPU
		{C36046DE-6C7E-4A20-8D8A-DB454729B488}.Release|ARM.ActiveCfg = Release|Any CPU
		{C36046DE-6C7E-4A20-8D8A-DB454729B488}.Release|ARM.Build.0 = Release|Any CPU
		{C36046DE-6C7E-4A20-8D8A-DB454729B488}.Release|ARM64.ActiveCfg = Release|Any CPU
		{C36046DE-6C7E-4A20-8D8A-DB454729B488}.Release|ARM64.Build.0 = Release|Any CPU
		{C36046DE-6C7E-4A20-8D8A-DB454729B488}.Release|x64.ActiveCfg = Release|Any CPU
		{C36046DE-6C7E-4A20-8D8A-DB454729B488}.Release|x64.Build.0 = Release|Any CPU
		{C36046DE-6C7E-4A20-8D8A-DB454729B488}.Release|x86.ActiveCfg = Release|Any CPU
		{C36046DE-6C7E-4A20-8D8A-DB454729B488}.Release|x86.Build.0 = Release|Any CPU
		{98565B31-F831-491A-8FA1-09B0B42CAE9E}.Debug|Any CPU.ActiveCfg = Debug|Any CPU
		{98565B31-F831-491A-8FA1-09B0B42CAE9E}.Debug|Any CPU.Build.0 = Debug|Any CPU
		{98565B31-F831-491A-8FA1-09B0B42CAE9E}.Debug|ARM.ActiveCfg = Debug|Any CPU
		{98565B31-F831-491A-8FA1-09B0B42CAE9E}.Debug|ARM.Build.0 = Debug|Any CPU
		{98565B31-F831-491A-8FA1-09B0B42CAE9E}.Debug|ARM64.ActiveCfg = Debug|Any CPU
		{98565B31-F831-491A-8FA1-09B0B42CAE9E}.Debug|ARM64.Build.0 = Debug|Any CPU
		{98565B31-F831-491A-8FA1-09B0B42CAE9E}.Debug|x64.ActiveCfg = Debug|Any CPU
		{98565B31-F831-491A-8FA1-09B0B42CAE9E}.Debug|x64.Build.0 = Debug|Any CPU
		{98565B31-F831-491A-8FA1-09B0B42CAE9E}.Debug|x86.ActiveCfg = Debug|Any CPU
		{98565B31-F831-491A-8FA1-09B0B42CAE9E}.Debug|x86.Build.0 = Debug|Any CPU
		{98565B31-F831-491A-8FA1-09B0B42CAE9E}.Release|Any CPU.ActiveCfg = Release|Any CPU
		{98565B31-F831-491A-8FA1-09B0B42CAE9E}.Release|Any CPU.Build.0 = Release|Any CPU
		{98565B31-F831-491A-8FA1-09B0B42CAE9E}.Release|ARM.ActiveCfg = Release|Any CPU
		{98565B31-F831-491A-8FA1-09B0B42CAE9E}.Release|ARM.Build.0 = Release|Any CPU
		{98565B31-F831-491A-8FA1-09B0B42CAE9E}.Release|ARM64.ActiveCfg = Release|Any CPU
		{98565B31-F831-491A-8FA1-09B0B42CAE9E}.Release|ARM64.Build.0 = Release|Any CPU
		{98565B31-F831-491A-8FA1-09B0B42CAE9E}.Release|x64.ActiveCfg = Release|Any CPU
		{98565B31-F831-491A-8FA1-09B0B42CAE9E}.Release|x64.Build.0 = Release|Any CPU
		{98565B31-F831-491A-8FA1-09B0B42CAE9E}.Release|x86.ActiveCfg = Release|Any CPU
		{98565B31-F831-491A-8FA1-09B0B42CAE9E}.Release|x86.Build.0 = Release|Any CPU
		{271C6E77-BEB1-4C3E-B430-CF0662D72B65}.Debug|Any CPU.ActiveCfg = Debug|Any CPU
		{271C6E77-BEB1-4C3E-B430-CF0662D72B65}.Debug|Any CPU.Build.0 = Debug|Any CPU
		{271C6E77-BEB1-4C3E-B430-CF0662D72B65}.Debug|ARM.ActiveCfg = Debug|Any CPU
		{271C6E77-BEB1-4C3E-B430-CF0662D72B65}.Debug|ARM.Build.0 = Debug|Any CPU
		{271C6E77-BEB1-4C3E-B430-CF0662D72B65}.Debug|ARM64.ActiveCfg = Debug|Any CPU
		{271C6E77-BEB1-4C3E-B430-CF0662D72B65}.Debug|ARM64.Build.0 = Debug|Any CPU
		{271C6E77-BEB1-4C3E-B430-CF0662D72B65}.Debug|x64.ActiveCfg = Debug|Any CPU
		{271C6E77-BEB1-4C3E-B430-CF0662D72B65}.Debug|x64.Build.0 = Debug|Any CPU
		{271C6E77-BEB1-4C3E-B430-CF0662D72B65}.Debug|x86.ActiveCfg = Debug|Any CPU
		{271C6E77-BEB1-4C3E-B430-CF0662D72B65}.Debug|x86.Build.0 = Debug|Any CPU
		{271C6E77-BEB1-4C3E-B430-CF0662D72B65}.Release|Any CPU.ActiveCfg = Release|Any CPU
		{271C6E77-BEB1-4C3E-B430-CF0662D72B65}.Release|Any CPU.Build.0 = Release|Any CPU
		{271C6E77-BEB1-4C3E-B430-CF0662D72B65}.Release|ARM.ActiveCfg = Release|Any CPU
		{271C6E77-BEB1-4C3E-B430-CF0662D72B65}.Release|ARM.Build.0 = Release|Any CPU
		{271C6E77-BEB1-4C3E-B430-CF0662D72B65}.Release|ARM64.ActiveCfg = Release|Any CPU
		{271C6E77-BEB1-4C3E-B430-CF0662D72B65}.Release|ARM64.Build.0 = Release|Any CPU
		{271C6E77-BEB1-4C3E-B430-CF0662D72B65}.Release|x64.ActiveCfg = Release|Any CPU
		{271C6E77-BEB1-4C3E-B430-CF0662D72B65}.Release|x64.Build.0 = Release|Any CPU
		{271C6E77-BEB1-4C3E-B430-CF0662D72B65}.Release|x86.ActiveCfg = Release|Any CPU
		{271C6E77-BEB1-4C3E-B430-CF0662D72B65}.Release|x86.Build.0 = Release|Any CPU
	EndGlobalSection
	GlobalSection(SolutionProperties) = preSolution
		HideSolutionNode = FALSE
	EndGlobalSection
	GlobalSection(ExtensibilityGlobals) = postSolution
		SolutionGuid = {6CFEA60F-8079-4913-B9D8-B9DC33EBA09C}
	EndGlobalSection
EndGlobal
