
Microsoft Visual Studio Solution File, Format Version 12.00
# Visual Studio 15
VisualStudioVersion = 15.0.28307.102
MinimumVisualStudioVersion = 10.0.40219.1
Project("{9A19103F-16F7-4668-BE54-9A1E7A4F7556}") = "ReverseStrings", "ReverseStrings\ReverseStrings.csproj", "{1DF2D9B3-C853-4F3A-AE5E-C73EE8A3FA83}"
EndProject
Project("{9A19103F-16F7-4668-BE54-9A1E7A4F7556}") = "StackSum", "StackSum\StackSum.csproj", "{F1D33CB8-F458-4AF6-B0F5-6978B0759615}"
EndProject
Project("{9A19103F-16F7-4668-BE54-9A1E7A4F7556}") = "Simple Calculator", "Simple Calculator\Simple Calculator.csproj", "{FE481026-DCB6-41D9-9B5F-17AD6DBE6628}"
EndProject
Project("{9A19103F-16F7-4668-BE54-9A1E7A4F7556}") = "MatchingBrackets", "MatchingBrackets\MatchingBrackets.csproj", "{67BDDB60-3D06-4CB9-B9FD-E6B41838A0F0}"
EndProject
Project("{9A19103F-16F7-4668-BE54-9A1E7A4F7556}") = "Supermarket", "Supermarket\Supermarket.csproj", "{06539016-A580-4177-BB54-9FA51F9E4026}"
EndProject
Project("{9A19103F-16F7-4668-BE54-9A1E7A4F7556}") = "HotPotato", "HotPotato\HotPotato.csproj", "{D63583F2-7C51-44C7-9EF5-F181E1ED8CBE}"
EndProject
Project("{9A19103F-16F7-4668-BE54-9A1E7A4F7556}") = "TrafficJam", "TrafficJam\TrafficJam.csproj", "{7989A646-0B89-4A5B-A534-13450BFB55B6}"
EndProject
Project("{9A19103F-16F7-4668-BE54-9A1E7A4F7556}") = "BasicStackOperations", "BasicStackOperations\BasicStackOperations.csproj", "{FD001446-39FE-4221-BAAC-60A4947789D4}"
EndProject
Project("{9A19103F-16F7-4668-BE54-9A1E7A4F7556}") = "BasicQueueOperations", "BasicQueueOperations\BasicQueueOperations.csproj", "{3E7B169E-2164-417C-8A52-FC310FADF56E}"
EndProject
Project("{9A19103F-16F7-4668-BE54-9A1E7A4F7556}") = "MaximumAndMinimumElement", "MaximumAndMinimumElement\MaximumAndMinimumElement.csproj", "{794EF753-5DDF-4622-B9D9-5DE12BADC755}"
EndProject
Project("{9A19103F-16F7-4668-BE54-9A1E7A4F7556}") = "FastFood", "FastFood\FastFood.csproj", "{CE5FDAD9-8DC8-4212-9B08-6712192649F8}"
EndProject
Project("{9A19103F-16F7-4668-BE54-9A1E7A4F7556}") = "FashionBoutique", "FashionBoutique\FashionBoutique.csproj", "{053744E9-5FE9-4503-A25F-35BB9C326C51}"
EndProject
Project("{9A19103F-16F7-4668-BE54-9A1E7A4F7556}") = "AutoRepairAndService", "AutoRepairAndService\AutoRepairAndService.csproj", "{3FEBCF53-E677-4577-AB5C-0D8A8E560167}"
EndProject
Project("{9A19103F-16F7-4668-BE54-9A1E7A4F7556}") = "TruckTour", "TruckTour\TruckTour.csproj", "{ABF11AFD-5A58-4C63-B67B-F9538C5443CB}"
EndProject
Project("{9A19103F-16F7-4668-BE54-9A1E7A4F7556}") = "BalancedParentheses", "BalancedParentheses\BalancedParentheses.csproj", "{E4119A14-2F71-4A50-AAC1-4A4D66FD106C}"
EndProject
Project("{9A19103F-16F7-4668-BE54-9A1E7A4F7556}") = "SimpleTextEditor", "SimpleTextEditor\SimpleTextEditor.csproj", "{9E404BB1-CE0F-4895-9B39-15DC64F30FBB}"
EndProject
Project("{FAE04EC0-301F-11D3-BF4B-00C04F79EFBC}") = "KeyRevolver", "KeyRevolver\KeyRevolver.csproj", "{5B9F02FA-E6E2-4AB8-9952-FCC14F9DEFD0}"
EndProject
Global
	GlobalSection(SolutionConfigurationPlatforms) = preSolution
		Debug|Any CPU = Debug|Any CPU
		Debug|ARM = Debug|ARM
		Debug|ARM64 = Debug|ARM64
		Debug|x64 = Debug|x64
		Debug|x86 = Debug|x86
		Release|Any CPU = Release|Any CPU
		Release|ARM = Release|ARM
		Release|ARM64 = Release|ARM64
		Release|x64 = Release|x64
		Release|x86 = Release|x86
	EndGlobalSection
	GlobalSection(ProjectConfigurationPlatforms) = postSolution
		{1DF2D9B3-C853-4F3A-AE5E-C73EE8A3FA83}.Debug|Any CPU.ActiveCfg = Debug|Any CPU
		{1DF2D9B3-C853-4F3A-AE5E-C73EE8A3FA83}.Debug|Any CPU.Build.0 = Debug|Any CPU
		{1DF2D9B3-C853-4F3A-AE5E-C73EE8A3FA83}.Debug|ARM.ActiveCfg = Debug|Any CPU
		{1DF2D9B3-C853-4F3A-AE5E-C73EE8A3FA83}.Debug|ARM.Build.0 = Debug|Any CPU
		{1DF2D9B3-C853-4F3A-AE5E-C73EE8A3FA83}.Debug|ARM64.ActiveCfg = Debug|Any CPU
		{1DF2D9B3-C853-4F3A-AE5E-C73EE8A3FA83}.Debug|ARM64.Build.0 = Debug|Any CPU
		{1DF2D9B3-C853-4F3A-AE5E-C73EE8A3FA83}.Debug|x64.ActiveCfg = Debug|Any CPU
		{1DF2D9B3-C853-4F3A-AE5E-C73EE8A3FA83}.Debug|x64.Build.0 = Debug|Any CPU
		{1DF2D9B3-C853-4F3A-AE5E-C73EE8A3FA83}.Debug|x86.ActiveCfg = Debug|Any CPU
		{1DF2D9B3-C853-4F3A-AE5E-C73EE8A3FA83}.Debug|x86.Build.0 = Debug|Any CPU
		{1DF2D9B3-C853-4F3A-AE5E-C73EE8A3FA83}.Release|Any CPU.ActiveCfg = Release|Any CPU
		{1DF2D9B3-C853-4F3A-AE5E-C73EE8A3FA83}.Release|Any CPU.Build.0 = Release|Any CPU
		{1DF2D9B3-C853-4F3A-AE5E-C73EE8A3FA83}.Release|ARM.ActiveCfg = Release|Any CPU
		{1DF2D9B3-C853-4F3A-AE5E-C73EE8A3FA83}.Release|ARM.Build.0 = Release|Any CPU
		{1DF2D9B3-C853-4F3A-AE5E-C73EE8A3FA83}.Release|ARM64.ActiveCfg = Release|Any CPU
		{1DF2D9B3-C853-4F3A-AE5E-C73EE8A3FA83}.Release|ARM64.Build.0 = Release|Any CPU
		{1DF2D9B3-C853-4F3A-AE5E-C73EE8A3FA83}.Release|x64.ActiveCfg = Release|Any CPU
		{1DF2D9B3-C853-4F3A-AE5E-C73EE8A3FA83}.Release|x64.Build.0 = Release|Any CPU
		{1DF2D9B3-C853-4F3A-AE5E-C73EE8A3FA83}.Release|x86.ActiveCfg = Release|Any CPU
		{1DF2D9B3-C853-4F3A-AE5E-C73EE8A3FA83}.Release|x86.Build.0 = Release|Any CPU
		{F1D33CB8-F458-4AF6-B0F5-6978B0759615}.Debug|Any CPU.ActiveCfg = Debug|Any CPU
		{F1D33CB8-F458-4AF6-B0F5-6978B0759615}.Debug|Any CPU.Build.0 = Debug|Any CPU
		{F1D33CB8-F458-4AF6-B0F5-6978B0759615}.Debug|ARM.ActiveCfg = Debug|Any CPU
		{F1D33CB8-F458-4AF6-B0F5-6978B0759615}.Debug|ARM.Build.0 = Debug|Any CPU
		{F1D33CB8-F458-4AF6-B0F5-6978B0759615}.Debug|ARM64.ActiveCfg = Debug|Any CPU
		{F1D33CB8-F458-4AF6-B0F5-6978B0759615}.Debug|ARM64.Build.0 = Debug|Any CPU
		{F1D33CB8-F458-4AF6-B0F5-6978B0759615}.Debug|x64.ActiveCfg = Debug|Any CPU
		{F1D33CB8-F458-4AF6-B0F5-6978B0759615}.Debug|x64.Build.0 = Debug|Any CPU
		{F1D33CB8-F458-4AF6-B0F5-6978B0759615}.Debug|x86.ActiveCfg = Debug|Any CPU
		{F1D33CB8-F458-4AF6-B0F5-6978B0759615}.Debug|x86.Build.0 = Debug|Any CPU
		{F1D33CB8-F458-4AF6-B0F5-6978B0759615}.Release|Any CPU.ActiveCfg = Release|Any CPU
		{F1D33CB8-F458-4AF6-B0F5-6978B0759615}.Release|Any CPU.Build.0 = Release|Any CPU
		{F1D33CB8-F458-4AF6-B0F5-6978B0759615}.Release|ARM.ActiveCfg = Release|Any CPU
		{F1D33CB8-F458-4AF6-B0F5-6978B0759615}.Release|ARM.Build.0 = Release|Any CPU
		{F1D33CB8-F458-4AF6-B0F5-6978B0759615}.Release|ARM64.ActiveCfg = Release|Any CPU
		{F1D33CB8-F458-4AF6-B0F5-6978B0759615}.Release|ARM64.Build.0 = Release|Any CPU
		{F1D33CB8-F458-4AF6-B0F5-6978B0759615}.Release|x64.ActiveCfg = Release|Any CPU
		{F1D33CB8-F458-4AF6-B0F5-6978B0759615}.Release|x64.Build.0 = Release|Any CPU
		{F1D33CB8-F458-4AF6-B0F5-6978B0759615}.Release|x86.ActiveCfg = Release|Any CPU
		{F1D33CB8-F458-4AF6-B0F5-6978B0759615}.Release|x86.Build.0 = Release|Any CPU
		{FE481026-DCB6-41D9-9B5F-17AD6DBE6628}.Debug|Any CPU.ActiveCfg = Debug|Any CPU
		{FE481026-DCB6-41D9-9B5F-17AD6DBE6628}.Debug|Any CPU.Build.0 = Debug|Any CPU
		{FE481026-DCB6-41D9-9B5F-17AD6DBE6628}.Debug|ARM.ActiveCfg = Debug|Any CPU
		{FE481026-DCB6-41D9-9B5F-17AD6DBE6628}.Debug|ARM.Build.0 = Debug|Any CPU
		{FE481026-DCB6-41D9-9B5F-17AD6DBE6628}.Debug|ARM64.ActiveCfg = Debug|Any CPU
		{FE481026-DCB6-41D9-9B5F-17AD6DBE6628}.Debug|ARM64.Build.0 = Debug|Any CPU
		{FE481026-DCB6-41D9-9B5F-17AD6DBE6628}.Debug|x64.ActiveCfg = Debug|Any CPU
		{FE481026-DCB6-41D9-9B5F-17AD6DBE6628}.Debug|x64.Build.0 = Debug|Any CPU
		{FE481026-DCB6-41D9-9B5F-17AD6DBE6628}.Debug|x86.ActiveCfg = Debug|Any CPU
		{FE481026-DCB6-41D9-9B5F-17AD6DBE6628}.Debug|x86.Build.0 = Debug|Any CPU
		{FE481026-DCB6-41D9-9B5F-17AD6DBE6628}.Release|Any CPU.ActiveCfg = Release|Any CPU
		{FE481026-DCB6-41D9-9B5F-17AD6DBE6628}.Release|Any CPU.Build.0 = Release|Any CPU
		{FE481026-DCB6-41D9-9B5F-17AD6DBE6628}.Release|ARM.ActiveCfg = Release|Any CPU
		{FE481026-DCB6-41D9-9B5F-17AD6DBE6628}.Release|ARM.Build.0 = Release|Any CPU
		{FE481026-DCB6-41D9-9B5F-17AD6DBE6628}.Release|ARM64.ActiveCfg = Release|Any CPU
		{FE481026-DCB6-41D9-9B5F-17AD6DBE6628}.Release|ARM64.Build.0 = Release|Any CPU
		{FE481026-DCB6-41D9-9B5F-17AD6DBE6628}.Release|x64.ActiveCfg = Release|Any CPU
		{FE481026-DCB6-41D9-9B5F-17AD6DBE6628}.Release|x64.Build.0 = Release|Any CPU
		{FE481026-DCB6-41D9-9B5F-17AD6DBE6628}.Release|x86.ActiveCfg = Release|Any CPU
		{FE481026-DCB6-41D9-9B5F-17AD6DBE6628}.Release|x86.Build.0 = Release|Any CPU
		{67BDDB60-3D06-4CB9-B9FD-E6B41838A0F0}.Debug|Any CPU.ActiveCfg = Debug|Any CPU
		{67BDDB60-3D06-4CB9-B9FD-E6B41838A0F0}.Debug|Any CPU.Build.0 = Debug|Any CPU
		{67BDDB60-3D06-4CB9-B9FD-E6B41838A0F0}.Debug|ARM.ActiveCfg = Debug|Any CPU
		{67BDDB60-3D06-4CB9-B9FD-E6B41838A0F0}.Debug|ARM.Build.0 = Debug|Any CPU
		{67BDDB60-3D06-4CB9-B9FD-E6B41838A0F0}.Debug|ARM64.ActiveCfg = Debug|Any CPU
		{67BDDB60-3D06-4CB9-B9FD-E6B41838A0F0}.Debug|ARM64.Build.0 = Debug|Any CPU
		{67BDDB60-3D06-4CB9-B9FD-E6B41838A0F0}.Debug|x64.ActiveCfg = Debug|Any CPU
		{67BDDB60-3D06-4CB9-B9FD-E6B41838A0F0}.Debug|x64.Build.0 = Debug|Any CPU
		{67BDDB60-3D06-4CB9-B9FD-E6B41838A0F0}.Debug|x86.ActiveCfg = Debug|Any CPU
		{67BDDB60-3D06-4CB9-B9FD-E6B41838A0F0}.Debug|x86.Build.0 = Debug|Any CPU
		{67BDDB60-3D06-4CB9-B9FD-E6B41838A0F0}.Release|Any CPU.ActiveCfg = Release|Any CPU
		{67BDDB60-3D06-4CB9-B9FD-E6B41838A0F0}.Release|Any CPU.Build.0 = Release|Any CPU
		{67BDDB60-3D06-4CB9-B9FD-E6B41838A0F0}.Release|ARM.ActiveCfg = Release|Any CPU
		{67BDDB60-3D06-4CB9-B9FD-E6B41838A0F0}.Release|ARM.Build.0 = Release|Any CPU
		{67BDDB60-3D06-4CB9-B9FD-E6B41838A0F0}.Release|ARM64.ActiveCfg = Release|Any CPU
		{67BDDB60-3D06-4CB9-B9FD-E6B41838A0F0}.Release|ARM64.Build.0 = Release|Any CPU
		{67BDDB60-3D06-4CB9-B9FD-E6B41838A0F0}.Release|x64.ActiveCfg = Release|Any CPU
		{67BDDB60-3D06-4CB9-B9FD-E6B41838A0F0}.Release|x64.Build.0 = Release|Any CPU
		{67BDDB60-3D06-4CB9-B9FD-E6B41838A0F0}.Release|x86.ActiveCfg = Release|Any CPU
		{67BDDB60-3D06-4CB9-B9FD-E6B41838A0F0}.Release|x86.Build.0 = Release|Any CPU
		{06539016-A580-4177-BB54-9FA51F9E4026}.Debug|Any CPU.ActiveCfg = Debug|Any CPU
		{06539016-A580-4177-BB54-9FA51F9E4026}.Debug|Any CPU.Build.0 = Debug|Any CPU
		{06539016-A580-4177-BB54-9FA51F9E4026}.Debug|ARM.ActiveCfg = Debug|Any CPU
		{06539016-A580-4177-BB54-9FA51F9E4026}.Debug|ARM.Build.0 = Debug|Any CPU
		{06539016-A580-4177-BB54-9FA51F9E4026}.Debug|ARM64.ActiveCfg = Debug|Any CPU
		{06539016-A580-4177-BB54-9FA51F9E4026}.Debug|ARM64.Build.0 = Debug|Any CPU
		{06539016-A580-4177-BB54-9FA51F9E4026}.Debug|x64.ActiveCfg = Debug|Any CPU
		{06539016-A580-4177-BB54-9FA51F9E4026}.Debug|x64.Build.0 = Debug|Any CPU
		{06539016-A580-4177-BB54-9FA51F9E4026}.Debug|x86.ActiveCfg = Debug|Any CPU
		{06539016-A580-4177-BB54-9FA51F9E4026}.Debug|x86.Build.0 = Debug|Any CPU
		{06539016-A580-4177-BB54-9FA51F9E4026}.Release|Any CPU.ActiveCfg = Release|Any CPU
		{06539016-A580-4177-BB54-9FA51F9E4026}.Release|Any CPU.Build.0 = Release|Any CPU
		{06539016-A580-4177-BB54-9FA51F9E4026}.Release|ARM.ActiveCfg = Release|Any CPU
		{06539016-A580-4177-BB54-9FA51F9E4026}.Release|ARM.Build.0 = Release|Any CPU
		{06539016-A580-4177-BB54-9FA51F9E4026}.Release|ARM64.ActiveCfg = Release|Any CPU
		{06539016-A580-4177-BB54-9FA51F9E4026}.Release|ARM64.Build.0 = Release|Any CPU
		{06539016-A580-4177-BB54-9FA51F9E4026}.Release|x64.ActiveCfg = Release|Any CPU
		{06539016-A580-4177-BB54-9FA51F9E4026}.Release|x64.Build.0 = Release|Any CPU
		{06539016-A580-4177-BB54-9FA51F9E4026}.Release|x86.ActiveCfg = Release|Any CPU
		{06539016-A580-4177-BB54-9FA51F9E4026}.Release|x86.Build.0 = Release|Any CPU
		{D63583F2-7C51-44C7-9EF5-F181E1ED8CBE}.Debug|Any CPU.ActiveCfg = Debug|Any CPU
		{D63583F2-7C51-44C7-9EF5-F181E1ED8CBE}.Debug|Any CPU.Build.0 = Debug|Any CPU
		{D63583F2-7C51-44C7-9EF5-F181E1ED8CBE}.Debug|ARM.ActiveCfg = Debug|Any CPU
		{D63583F2-7C51-44C7-9EF5-F181E1ED8CBE}.Debug|ARM.Build.0 = Debug|Any CPU
		{D63583F2-7C51-44C7-9EF5-F181E1ED8CBE}.Debug|ARM64.ActiveCfg = Debug|Any CPU
		{D63583F2-7C51-44C7-9EF5-F181E1ED8CBE}.Debug|ARM64.Build.0 = Debug|Any CPU
		{D63583F2-7C51-44C7-9EF5-F181E1ED8CBE}.Debug|x64.ActiveCfg = Debug|Any CPU
		{D63583F2-7C51-44C7-9EF5-F181E1ED8CBE}.Debug|x64.Build.0 = Debug|Any CPU
		{D63583F2-7C51-44C7-9EF5-F181E1ED8CBE}.Debug|x86.ActiveCfg = Debug|Any CPU
		{D63583F2-7C51-44C7-9EF5-F181E1ED8CBE}.Debug|x86.Build.0 = Debug|Any CPU
		{D63583F2-7C51-44C7-9EF5-F181E1ED8CBE}.Release|Any CPU.ActiveCfg = Release|Any CPU
		{D63583F2-7C51-44C7-9EF5-F181E1ED8CBE}.Release|Any CPU.Build.0 = Release|Any CPU
		{D63583F2-7C51-44C7-9EF5-F181E1ED8CBE}.Release|ARM.ActiveCfg = Release|Any CPU
		{D63583F2-7C51-44C7-9EF5-F181E1ED8CBE}.Release|ARM.Build.0 = Release|Any CPU
		{D63583F2-7C51-44C7-9EF5-F181E1ED8CBE}.Release|ARM64.ActiveCfg = Release|Any CPU
		{D63583F2-7C51-44C7-9EF5-F181E1ED8CBE}.Release|ARM64.Build.0 = Release|Any CPU
		{D63583F2-7C51-44C7-9EF5-F181E1ED8CBE}.Release|x64.ActiveCfg = Release|Any CPU
		{D63583F2-7C51-44C7-9EF5-F181E1ED8CBE}.Release|x64.Build.0 = Release|Any CPU
		{D63583F2-7C51-44C7-9EF5-F181E1ED8CBE}.Release|x86.ActiveCfg = Release|Any CPU
		{D63583F2-7C51-44C7-9EF5-F181E1ED8CBE}.Release|x86.Build.0 = Release|Any CPU
		{7989A646-0B89-4A5B-A534-13450BFB55B6}.Debug|Any CPU.ActiveCfg = Debug|Any CPU
		{7989A646-0B89-4A5B-A534-13450BFB55B6}.Debug|Any CPU.Build.0 = Debug|Any CPU
		{7989A646-0B89-4A5B-A534-13450BFB55B6}.Debug|ARM.ActiveCfg = Debug|Any CPU
		{7989A646-0B89-4A5B-A534-13450BFB55B6}.Debug|ARM.Build.0 = Debug|Any CPU
		{7989A646-0B89-4A5B-A534-13450BFB55B6}.Debug|ARM64.ActiveCfg = Debug|Any CPU
		{7989A646-0B89-4A5B-A534-13450BFB55B6}.Debug|ARM64.Build.0 = Debug|Any CPU
		{7989A646-0B89-4A5B-A534-13450BFB55B6}.Debug|x64.ActiveCfg = Debug|Any CPU
		{7989A646-0B89-4A5B-A534-13450BFB55B6}.Debug|x64.Build.0 = Debug|Any CPU
		{7989A646-0B89-4A5B-A534-13450BFB55B6}.Debug|x86.ActiveCfg = Debug|Any CPU
		{7989A646-0B89-4A5B-A534-13450BFB55B6}.Debug|x86.Build.0 = Debug|Any CPU
		{7989A646-0B89-4A5B-A534-13450BFB55B6}.Release|Any CPU.ActiveCfg = Release|Any CPU
		{7989A646-0B89-4A5B-A534-13450BFB55B6}.Release|Any CPU.Build.0 = Release|Any CPU
		{7989A646-0B89-4A5B-A534-13450BFB55B6}.Release|ARM.ActiveCfg = Release|Any CPU
		{7989A646-0B89-4A5B-A534-13450BFB55B6}.Release|ARM.Build.0 = Release|Any CPU
		{7989A646-0B89-4A5B-A534-13450BFB55B6}.Release|ARM64.ActiveCfg = Release|Any CPU
		{7989A646-0B89-4A5B-A534-13450BFB55B6}.Release|ARM64.Build.0 = Release|Any CPU
		{7989A646-0B89-4A5B-A534-13450BFB55B6}.Release|x64.ActiveCfg = Release|Any CPU
		{7989A646-0B89-4A5B-A534-13450BFB55B6}.Release|x64.Build.0 = Release|Any CPU
		{7989A646-0B89-4A5B-A534-13450BFB55B6}.Release|x86.ActiveCfg = Release|Any CPU
		{7989A646-0B89-4A5B-A534-13450BFB55B6}.Release|x86.Build.0 = Release|Any CPU
		{FD001446-39FE-4221-BAAC-60A4947789D4}.Debug|Any CPU.ActiveCfg = Debug|Any CPU
		{FD001446-39FE-4221-BAAC-60A4947789D4}.Debug|Any CPU.Build.0 = Debug|Any CPU
		{FD001446-39FE-4221-BAAC-60A4947789D4}.Debug|ARM.ActiveCfg = Debug|Any CPU
		{FD001446-39FE-4221-BAAC-60A4947789D4}.Debug|ARM.Build.0 = Debug|Any CPU
		{FD001446-39FE-4221-BAAC-60A4947789D4}.Debug|ARM64.ActiveCfg = Debug|Any CPU
		{FD001446-39FE-4221-BAAC-60A4947789D4}.Debug|ARM64.Build.0 = Debug|Any CPU
		{FD001446-39FE-4221-BAAC-60A4947789D4}.Debug|x64.ActiveCfg = Debug|Any CPU
		{FD001446-39FE-4221-BAAC-60A4947789D4}.Debug|x64.Build.0 = Debug|Any CPU
		{FD001446-39FE-4221-BAAC-60A4947789D4}.Debug|x86.ActiveCfg = Debug|Any CPU
		{FD001446-39FE-4221-BAAC-60A4947789D4}.Debug|x86.Build.0 = Debug|Any CPU
		{FD001446-39FE-4221-BAAC-60A4947789D4}.Release|Any CPU.ActiveCfg = Release|Any CPU
		{FD001446-39FE-4221-BAAC-60A4947789D4}.Release|Any CPU.Build.0 = Release|Any CPU
		{FD001446-39FE-4221-BAAC-60A4947789D4}.Release|ARM.ActiveCfg = Release|Any CPU
		{FD001446-39FE-4221-BAAC-60A4947789D4}.Release|ARM.Build.0 = Release|Any CPU
		{FD001446-39FE-4221-BAAC-60A4947789D4}.Release|ARM64.ActiveCfg = Release|Any CPU
		{FD001446-39FE-4221-BAAC-60A4947789D4}.Release|ARM64.Build.0 = Release|Any CPU
		{FD001446-39FE-4221-BAAC-60A4947789D4}.Release|x64.ActiveCfg = Release|Any CPU
		{FD001446-39FE-4221-BAAC-60A4947789D4}.Release|x64.Build.0 = Release|Any CPU
		{FD001446-39FE-4221-BAAC-60A4947789D4}.Release|x86.ActiveCfg = Release|Any CPU
		{FD001446-39FE-4221-BAAC-60A4947789D4}.Release|x86.Build.0 = Release|Any CPU
		{3E7B169E-2164-417C-8A52-FC310FADF56E}.Debug|Any CPU.ActiveCfg = Debug|Any CPU
		{3E7B169E-2164-417C-8A52-FC310FADF56E}.Debug|Any CPU.Build.0 = Debug|Any CPU
		{3E7B169E-2164-417C-8A52-FC310FADF56E}.Debug|ARM.ActiveCfg = Debug|Any CPU
		{3E7B169E-2164-417C-8A52-FC310FADF56E}.Debug|ARM.Build.0 = Debug|Any CPU
		{3E7B169E-2164-417C-8A52-FC310FADF56E}.Debug|ARM64.ActiveCfg = Debug|Any CPU
		{3E7B169E-2164-417C-8A52-FC310FADF56E}.Debug|ARM64.Build.0 = Debug|Any CPU
		{3E7B169E-2164-417C-8A52-FC310FADF56E}.Debug|x64.ActiveCfg = Debug|Any CPU
		{3E7B169E-2164-417C-8A52-FC310FADF56E}.Debug|x64.Build.0 = Debug|Any CPU
		{3E7B169E-2164-417C-8A52-FC310FADF56E}.Debug|x86.ActiveCfg = Debug|Any CPU
		{3E7B169E-2164-417C-8A52-FC310FADF56E}.Debug|x86.Build.0 = Debug|Any CPU
		{3E7B169E-2164-417C-8A52-FC310FADF56E}.Release|Any CPU.ActiveCfg = Release|Any CPU
		{3E7B169E-2164-417C-8A52-FC310FADF56E}.Release|Any CPU.Build.0 = Release|Any CPU
		{3E7B169E-2164-417C-8A52-FC310FADF56E}.Release|ARM.ActiveCfg = Release|Any CPU
		{3E7B169E-2164-417C-8A52-FC310FADF56E}.Release|ARM.Build.0 = Release|Any CPU
		{3E7B169E-2164-417C-8A52-FC310FADF56E}.Release|ARM64.ActiveCfg = Release|Any CPU
		{3E7B169E-2164-417C-8A52-FC310FADF56E}.Release|ARM64.Build.0 = Release|Any CPU
		{3E7B169E-2164-417C-8A52-FC310FADF56E}.Release|x64.ActiveCfg = Release|Any CPU
		{3E7B169E-2164-417C-8A52-FC310FADF56E}.Release|x64.Build.0 = Release|Any CPU
		{3E7B169E-2164-417C-8A52-FC310FADF56E}.Release|x86.ActiveCfg = Release|Any CPU
		{3E7B169E-2164-417C-8A52-FC310FADF56E}.Release|x86.Build.0 = Release|Any CPU
		{794EF753-5DDF-4622-B9D9-5DE12BADC755}.Debug|Any CPU.ActiveCfg = Debug|Any CPU
		{794EF753-5DDF-4622-B9D9-5DE12BADC755}.Debug|Any CPU.Build.0 = Debug|Any CPU
		{794EF753-5DDF-4622-B9D9-5DE12BADC755}.Debug|ARM.ActiveCfg = Debug|Any CPU
		{794EF753-5DDF-4622-B9D9-5DE12BADC755}.Debug|ARM.Build.0 = Debug|Any CPU
		{794EF753-5DDF-4622-B9D9-5DE12BADC755}.Debug|ARM64.ActiveCfg = Debug|Any CPU
		{794EF753-5DDF-4622-B9D9-5DE12BADC755}.Debug|ARM64.Build.0 = Debug|Any CPU
		{794EF753-5DDF-4622-B9D9-5DE12BADC755}.Debug|x64.ActiveCfg = Debug|Any CPU
		{794EF753-5DDF-4622-B9D9-5DE12BADC755}.Debug|x64.Build.0 = Debug|Any CPU
		{794EF753-5DDF-4622-B9D9-5DE12BADC755}.Debug|x86.ActiveCfg = Debug|Any CPU
		{794EF753-5DDF-4622-B9D9-5DE12BADC755}.Debug|x86.Build.0 = Debug|Any CPU
		{794EF753-5DDF-4622-B9D9-5DE12BADC755}.Release|Any CPU.ActiveCfg = Release|Any CPU
		{794EF753-5DDF-4622-B9D9-5DE12BADC755}.Release|Any CPU.Build.0 = Release|Any CPU
		{794EF753-5DDF-4622-B9D9-5DE12BADC755}.Release|ARM.ActiveCfg = Release|Any CPU
		{794EF753-5DDF-4622-B9D9-5DE12BADC755}.Release|ARM.Build.0 = Release|Any CPU
		{794EF753-5DDF-4622-B9D9-5DE12BADC755}.Release|ARM64.ActiveCfg = Release|Any CPU
		{794EF753-5DDF-4622-B9D9-5DE12BADC755}.Release|ARM64.Build.0 = Release|Any CPU
		{794EF753-5DDF-4622-B9D9-5DE12BADC755}.Release|x64.ActiveCfg = Release|Any CPU
		{794EF753-5DDF-4622-B9D9-5DE12BADC755}.Release|x64.Build.0 = Release|Any CPU
		{794EF753-5DDF-4622-B9D9-5DE12BADC755}.Release|x86.ActiveCfg = Release|Any CPU
		{794EF753-5DDF-4622-B9D9-5DE12BADC755}.Release|x86.Build.0 = Release|Any CPU
		{CE5FDAD9-8DC8-4212-9B08-6712192649F8}.Debug|Any CPU.ActiveCfg = Debug|Any CPU
		{CE5FDAD9-8DC8-4212-9B08-6712192649F8}.Debug|Any CPU.Build.0 = Debug|Any CPU
		{CE5FDAD9-8DC8-4212-9B08-6712192649F8}.Debug|ARM.ActiveCfg = Debug|Any CPU
		{CE5FDAD9-8DC8-4212-9B08-6712192649F8}.Debug|ARM.Build.0 = Debug|Any CPU
		{CE5FDAD9-8DC8-4212-9B08-6712192649F8}.Debug|ARM64.ActiveCfg = Debug|Any CPU
		{CE5FDAD9-8DC8-4212-9B08-6712192649F8}.Debug|ARM64.Build.0 = Debug|Any CPU
		{CE5FDAD9-8DC8-4212-9B08-6712192649F8}.Debug|x64.ActiveCfg = Debug|Any CPU
		{CE5FDAD9-8DC8-4212-9B08-6712192649F8}.Debug|x64.Build.0 = Debug|Any CPU
		{CE5FDAD9-8DC8-4212-9B08-6712192649F8}.Debug|x86.ActiveCfg = Debug|Any CPU
		{CE5FDAD9-8DC8-4212-9B08-6712192649F8}.Debug|x86.Build.0 = Debug|Any CPU
		{CE5FDAD9-8DC8-4212-9B08-6712192649F8}.Release|Any CPU.ActiveCfg = Release|Any CPU
		{CE5FDAD9-8DC8-4212-9B08-6712192649F8}.Release|Any CPU.Build.0 = Release|Any CPU
		{CE5FDAD9-8DC8-4212-9B08-6712192649F8}.Release|ARM.ActiveCfg = Release|Any CPU
		{CE5FDAD9-8DC8-4212-9B08-6712192649F8}.Release|ARM.Build.0 = Release|Any CPU
		{CE5FDAD9-8DC8-4212-9B08-6712192649F8}.Release|ARM64.ActiveCfg = Release|Any CPU
		{CE5FDAD9-8DC8-4212-9B08-6712192649F8}.Release|ARM64.Build.0 = Release|Any CPU
		{CE5FDAD9-8DC8-4212-9B08-6712192649F8}.Release|x64.ActiveCfg = Release|Any CPU
		{CE5FDAD9-8DC8-4212-9B08-6712192649F8}.Release|x64.Build.0 = Release|Any CPU
		{CE5FDAD9-8DC8-4212-9B08-6712192649F8}.Release|x86.ActiveCfg = Release|Any CPU
		{CE5FDAD9-8DC8-4212-9B08-6712192649F8}.Release|x86.Build.0 = Release|Any CPU
		{053744E9-5FE9-4503-A25F-35BB9C326C51}.Debug|Any CPU.ActiveCfg = Debug|Any CPU
		{053744E9-5FE9-4503-A25F-35BB9C326C51}.Debug|Any CPU.Build.0 = Debug|Any CPU
		{053744E9-5FE9-4503-A25F-35BB9C326C51}.Debug|ARM.ActiveCfg = Debug|Any CPU
		{053744E9-5FE9-4503-A25F-35BB9C326C51}.Debug|ARM.Build.0 = Debug|Any CPU
		{053744E9-5FE9-4503-A25F-35BB9C326C51}.Debug|ARM64.ActiveCfg = Debug|Any CPU
		{053744E9-5FE9-4503-A25F-35BB9C326C51}.Debug|ARM64.Build.0 = Debug|Any CPU
		{053744E9-5FE9-4503-A25F-35BB9C326C51}.Debug|x64.ActiveCfg = Debug|Any CPU
		{053744E9-5FE9-4503-A25F-35BB9C326C51}.Debug|x64.Build.0 = Debug|Any CPU
		{053744E9-5FE9-4503-A25F-35BB9C326C51}.Debug|x86.ActiveCfg = Debug|Any CPU
		{053744E9-5FE9-4503-A25F-35BB9C326C51}.Debug|x86.Build.0 = Debug|Any CPU
		{053744E9-5FE9-4503-A25F-35BB9C326C51}.Release|Any CPU.ActiveCfg = Release|Any CPU
		{053744E9-5FE9-4503-A25F-35BB9C326C51}.Release|Any CPU.Build.0 = Release|Any CPU
		{053744E9-5FE9-4503-A25F-35BB9C326C51}.Release|ARM.ActiveCfg = Release|Any CPU
		{053744E9-5FE9-4503-A25F-35BB9C326C51}.Release|ARM.Build.0 = Release|Any CPU
		{053744E9-5FE9-4503-A25F-35BB9C326C51}.Release|ARM64.ActiveCfg = Release|Any CPU
		{053744E9-5FE9-4503-A25F-35BB9C326C51}.Release|ARM64.Build.0 = Release|Any CPU
		{053744E9-5FE9-4503-A25F-35BB9C326C51}.Release|x64.ActiveCfg = Release|Any CPU
		{053744E9-5FE9-4503-A25F-35BB9C326C51}.Release|x64.Build.0 = Release|Any CPU
		{053744E9-5FE9-4503-A25F-35BB9C326C51}.Release|x86.ActiveCfg = Release|Any CPU
		{053744E9-5FE9-4503-A25F-35BB9C326C51}.Release|x86.Build.0 = Release|Any CPU
		{3FEBCF53-E677-4577-AB5C-0D8A8E560167}.Debug|Any CPU.ActiveCfg = Debug|Any CPU
		{3FEBCF53-E677-4577-AB5C-0D8A8E560167}.Debug|Any CPU.Build.0 = Debug|Any CPU
		{3FEBCF53-E677-4577-AB5C-0D8A8E560167}.Debug|ARM.ActiveCfg = Debug|Any CPU
		{3FEBCF53-E677-4577-AB5C-0D8A8E560167}.Debug|ARM.Build.0 = Debug|Any CPU
		{3FEBCF53-E677-4577-AB5C-0D8A8E560167}.Debug|ARM64.ActiveCfg = Debug|Any CPU
		{3FEBCF53-E677-4577-AB5C-0D8A8E560167}.Debug|ARM64.Build.0 = Debug|Any CPU
		{3FEBCF53-E677-4577-AB5C-0D8A8E560167}.Debug|x64.ActiveCfg = Debug|Any CPU
		{3FEBCF53-E677-4577-AB5C-0D8A8E560167}.Debug|x64.Build.0 = Debug|Any CPU
		{3FEBCF53-E677-4577-AB5C-0D8A8E560167}.Debug|x86.ActiveCfg = Debug|Any CPU
		{3FEBCF53-E677-4577-AB5C-0D8A8E560167}.Debug|x86.Build.0 = Debug|Any CPU
		{3FEBCF53-E677-4577-AB5C-0D8A8E560167}.Release|Any CPU.ActiveCfg = Release|Any CPU
		{3FEBCF53-E677-4577-AB5C-0D8A8E560167}.Release|Any CPU.Build.0 = Release|Any CPU
		{3FEBCF53-E677-4577-AB5C-0D8A8E560167}.Release|ARM.ActiveCfg = Release|Any CPU
		{3FEBCF53-E677-4577-AB5C-0D8A8E560167}.Release|ARM.Build.0 = Release|Any CPU
		{3FEBCF53-E677-4577-AB5C-0D8A8E560167}.Release|ARM64.ActiveCfg = Release|Any CPU
		{3FEBCF53-E677-4577-AB5C-0D8A8E560167}.Release|ARM64.Build.0 = Release|Any CPU
		{3FEBCF53-E677-4577-AB5C-0D8A8E560167}.Release|x64.ActiveCfg = Release|Any CPU
		{3FEBCF53-E677-4577-AB5C-0D8A8E560167}.Release|x64.Build.0 = Release|Any CPU
		{3FEBCF53-E677-4577-AB5C-0D8A8E560167}.Release|x86.ActiveCfg = Release|Any CPU
		{3FEBCF53-E677-4577-AB5C-0D8A8E560167}.Release|x86.Build.0 = Release|Any CPU
		{ABF11AFD-5A58-4C63-B67B-F9538C5443CB}.Debug|Any CPU.ActiveCfg = Debug|Any CPU
		{ABF11AFD-5A58-4C63-B67B-F9538C5443CB}.Debug|Any CPU.Build.0 = Debug|Any CPU
		{ABF11AFD-5A58-4C63-B67B-F9538C5443CB}.Debug|ARM.ActiveCfg = Debug|Any CPU
		{ABF11AFD-5A58-4C63-B67B-F9538C5443CB}.Debug|ARM.Build.0 = Debug|Any CPU
		{ABF11AFD-5A58-4C63-B67B-F9538C5443CB}.Debug|ARM64.ActiveCfg = Debug|Any CPU
		{ABF11AFD-5A58-4C63-B67B-F9538C5443CB}.Debug|ARM64.Build.0 = Debug|Any CPU
		{ABF11AFD-5A58-4C63-B67B-F9538C5443CB}.Debug|x64.ActiveCfg = Debug|Any CPU
		{ABF11AFD-5A58-4C63-B67B-F9538C5443CB}.Debug|x64.Build.0 = Debug|Any CPU
		{ABF11AFD-5A58-4C63-B67B-F9538C5443CB}.Debug|x86.ActiveCfg = Debug|Any CPU
		{ABF11AFD-5A58-4C63-B67B-F9538C5443CB}.Debug|x86.Build.0 = Debug|Any CPU
		{ABF11AFD-5A58-4C63-B67B-F9538C5443CB}.Release|Any CPU.ActiveCfg = Release|Any CPU
		{ABF11AFD-5A58-4C63-B67B-F9538C5443CB}.Release|Any CPU.Build.0 = Release|Any CPU
		{ABF11AFD-5A58-4C63-B67B-F9538C5443CB}.Release|ARM.ActiveCfg = Release|Any CPU
		{ABF11AFD-5A58-4C63-B67B-F9538C5443CB}.Release|ARM.Build.0 = Release|Any CPU
		{ABF11AFD-5A58-4C63-B67B-F9538C5443CB}.Release|ARM64.ActiveCfg = Release|Any CPU
		{ABF11AFD-5A58-4C63-B67B-F9538C5443CB}.Release|ARM64.Build.0 = Release|Any CPU
		{ABF11AFD-5A58-4C63-B67B-F9538C5443CB}.Release|x64.ActiveCfg = Release|Any CPU
		{ABF11AFD-5A58-4C63-B67B-F9538C5443CB}.Release|x64.Build.0 = Release|Any CPU
		{ABF11AFD-5A58-4C63-B67B-F9538C5443CB}.Release|x86.ActiveCfg = Release|Any CPU
		{ABF11AFD-5A58-4C63-B67B-F9538C5443CB}.Release|x86.Build.0 = Release|Any CPU
		{E4119A14-2F71-4A50-AAC1-4A4D66FD106C}.Debug|Any CPU.ActiveCfg = Debug|Any CPU
		{E4119A14-2F71-4A50-AAC1-4A4D66FD106C}.Debug|Any CPU.Build.0 = Debug|Any CPU
		{E4119A14-2F71-4A50-AAC1-4A4D66FD106C}.Debug|ARM.ActiveCfg = Debug|Any CPU
		{E4119A14-2F71-4A50-AAC1-4A4D66FD106C}.Debug|ARM.Build.0 = Debug|Any CPU
		{E4119A14-2F71-4A50-AAC1-4A4D66FD106C}.Debug|ARM64.ActiveCfg = Debug|Any CPU
		{E4119A14-2F71-4A50-AAC1-4A4D66FD106C}.Debug|ARM64.Build.0 = Debug|Any CPU
		{E4119A14-2F71-4A50-AAC1-4A4D66FD106C}.Debug|x64.ActiveCfg = Debug|Any CPU
		{E4119A14-2F71-4A50-AAC1-4A4D66FD106C}.Debug|x64.Build.0 = Debug|Any CPU
		{E4119A14-2F71-4A50-AAC1-4A4D66FD106C}.Debug|x86.ActiveCfg = Debug|Any CPU
		{E4119A14-2F71-4A50-AAC1-4A4D66FD106C}.Debug|x86.Build.0 = Debug|Any CPU
		{E4119A14-2F71-4A50-AAC1-4A4D66FD106C}.Release|Any CPU.ActiveCfg = Release|Any CPU
		{E4119A14-2F71-4A50-AAC1-4A4D66FD106C}.Release|Any CPU.Build.0 = Release|Any CPU
		{E4119A14-2F71-4A50-AAC1-4A4D66FD106C}.Release|ARM.ActiveCfg = Release|Any CPU
		{E4119A14-2F71-4A50-AAC1-4A4D66FD106C}.Release|ARM.Build.0 = Release|Any CPU
		{E4119A14-2F71-4A50-AAC1-4A4D66FD106C}.Release|ARM64.ActiveCfg = Release|Any CPU
		{E4119A14-2F71-4A50-AAC1-4A4D66FD106C}.Release|ARM64.Build.0 = Release|Any CPU
		{E4119A14-2F71-4A50-AAC1-4A4D66FD106C}.Release|x64.ActiveCfg = Release|Any CPU
		{E4119A14-2F71-4A50-AAC1-4A4D66FD106C}.Release|x64.Build.0 = Release|Any CPU
		{E4119A14-2F71-4A50-AAC1-4A4D66FD106C}.Release|x86.ActiveCfg = Release|Any CPU
		{E4119A14-2F71-4A50-AAC1-4A4D66FD106C}.Release|x86.Build.0 = Release|Any CPU
		{9E404BB1-CE0F-4895-9B39-15DC64F30FBB}.Debug|Any CPU.ActiveCfg = Debug|Any CPU
		{9E404BB1-CE0F-4895-9B39-15DC64F30FBB}.Debug|Any CPU.Build.0 = Debug|Any CPU
		{9E404BB1-CE0F-4895-9B39-15DC64F30FBB}.Debug|ARM.ActiveCfg = Debug|Any CPU
		{9E404BB1-CE0F-4895-9B39-15DC64F30FBB}.Debug|ARM.Build.0 = Debug|Any CPU
		{9E404BB1-CE0F-4895-9B39-15DC64F30FBB}.Debug|ARM64.ActiveCfg = Debug|Any CPU
		{9E404BB1-CE0F-4895-9B39-15DC64F30FBB}.Debug|ARM64.Build.0 = Debug|Any CPU
		{9E404BB1-CE0F-4895-9B39-15DC64F30FBB}.Debug|x64.ActiveCfg = Debug|Any CPU
		{9E404BB1-CE0F-4895-9B39-15DC64F30FBB}.Debug|x64.Build.0 = Debug|Any CPU
		{9E404BB1-CE0F-4895-9B39-15DC64F30FBB}.Debug|x86.ActiveCfg = Debug|Any CPU
		{9E404BB1-CE0F-4895-9B39-15DC64F30FBB}.Debug|x86.Build.0 = Debug|Any CPU
		{9E404BB1-CE0F-4895-9B39-15DC64F30FBB}.Release|Any CPU.ActiveCfg = Release|Any CPU
		{9E404BB1-CE0F-4895-9B39-15DC64F30FBB}.Release|Any CPU.Build.0 = Release|Any CPU
		{9E404BB1-CE0F-4895-9B39-15DC64F30FBB}.Release|ARM.ActiveCfg = Release|Any CPU
		{9E404BB1-CE0F-4895-9B39-15DC64F30FBB}.Release|ARM.Build.0 = Release|Any CPU
		{9E404BB1-CE0F-4895-9B39-15DC64F30FBB}.Release|ARM64.ActiveCfg = Release|Any CPU
		{9E404BB1-CE0F-4895-9B39-15DC64F30FBB}.Release|ARM64.Build.0 = Release|Any CPU
		{9E404BB1-CE0F-4895-9B39-15DC64F30FBB}.Release|x64.ActiveCfg = Release|Any CPU
		{9E404BB1-CE0F-4895-9B39-15DC64F30FBB}.Release|x64.Build.0 = Release|Any CPU
		{9E404BB1-CE0F-4895-9B39-15DC64F30FBB}.Release|x86.ActiveCfg = Release|Any CPU
		{9E404BB1-CE0F-4895-9B39-15DC64F30FBB}.Release|x86.Build.0 = Release|Any CPU
		{5B9F02FA-E6E2-4AB8-9952-FCC14F9DEFD0}.Debug|Any CPU.ActiveCfg = Debug|Any CPU
		{5B9F02FA-E6E2-4AB8-9952-FCC14F9DEFD0}.Debug|Any CPU.Build.0 = Debug|Any CPU
		{5B9F02FA-E6E2-4AB8-9952-FCC14F9DEFD0}.Debug|ARM.ActiveCfg = Debug|Any CPU
		{5B9F02FA-E6E2-4AB8-9952-FCC14F9DEFD0}.Debug|ARM.Build.0 = Debug|Any CPU
		{5B9F02FA-E6E2-4AB8-9952-FCC14F9DEFD0}.Debug|ARM64.ActiveCfg = Debug|Any CPU
		{5B9F02FA-E6E2-4AB8-9952-FCC14F9DEFD0}.Debug|ARM64.Build.0 = Debug|Any CPU
		{5B9F02FA-E6E2-4AB8-9952-FCC14F9DEFD0}.Debug|x64.ActiveCfg = Debug|Any CPU
		{5B9F02FA-E6E2-4AB8-9952-FCC14F9DEFD0}.Debug|x64.Build.0 = Debug|Any CPU
		{5B9F02FA-E6E2-4AB8-9952-FCC14F9DEFD0}.Debug|x86.ActiveCfg = Debug|Any CPU
		{5B9F02FA-E6E2-4AB8-9952-FCC14F9DEFD0}.Debug|x86.Build.0 = Debug|Any CPU
		{5B9F02FA-E6E2-4AB8-9952-FCC14F9DEFD0}.Release|Any CPU.ActiveCfg = Release|Any CPU
		{5B9F02FA-E6E2-4AB8-9952-FCC14F9DEFD0}.Release|Any CPU.Build.0 = Release|Any CPU
		{5B9F02FA-E6E2-4AB8-9952-FCC14F9DEFD0}.Release|ARM.ActiveCfg = Release|Any CPU
		{5B9F02FA-E6E2-4AB8-9952-FCC14F9DEFD0}.Release|ARM.Build.0 = Release|Any CPU
		{5B9F02FA-E6E2-4AB8-9952-FCC14F9DEFD0}.Release|ARM64.ActiveCfg = Release|Any CPU
		{5B9F02FA-E6E2-4AB8-9952-FCC14F9DEFD0}.Release|ARM64.Build.0 = Release|Any CPU
		{5B9F02FA-E6E2-4AB8-9952-FCC14F9DEFD0}.Release|x64.ActiveCfg = Release|Any CPU
		{5B9F02FA-E6E2-4AB8-9952-FCC14F9DEFD0}.Release|x64.Build.0 = Release|Any CPU
		{5B9F02FA-E6E2-4AB8-9952-FCC14F9DEFD0}.Release|x86.ActiveCfg = Release|Any CPU
		{5B9F02FA-E6E2-4AB8-9952-FCC14F9DEFD0}.Release|x86.Build.0 = Release|Any CPU
	EndGlobalSection
	GlobalSection(SolutionProperties) = preSolution
		HideSolutionNode = FALSE
	EndGlobalSection
	GlobalSection(ExtensibilityGlobals) = postSolution
		SolutionGuid = {E3D3E8F6-8A11-4011-A011-3F847B9C6067}
	EndGlobalSection
EndGlobal
