
Microsoft Visual Studio Solution File, Format Version 12.00
# Visual Studio 15
VisualStudioVersion = 15.0.28307.102
MinimumVisualStudioVersion = 10.0.40219.1
Project("{9A19103F-16F7-4668-BE54-9A1E7A4F7556}") = "AverageStudentGrades", "AverageStudentGrades\AverageStudentGrades.csproj", "{08004632-A9E6-4B2A-8B25-0A970A44FDF7}"
EndProject
Project("{9A19103F-16F7-4668-BE54-9A1E7A4F7556}") = "ProductShop", "ProductShop\ProductShop.csproj", "{8E3D1F11-F734-42D7-8CFC-2879AD0965C1}"
EndProject
Project("{9A19103F-16F7-4668-BE54-9A1E7A4F7556}") = "CitiesByContinentAndCountry", "CitiesByContinentAndCountry\CitiesByContinentAndCountry.csproj", "{EADBFEA2-C84F-4F89-B878-1099810BA138}"
EndProject
Project("{9A19103F-16F7-4668-BE54-9A1E7A4F7556}") = "CountSameValuesInArray", "CountSameValuesInArray\CountSameValuesInArray.csproj", "{696276DD-57C9-4FE4-81E7-34C0725BDC64}"
EndProject
Project("{FAE04EC0-301F-11D3-BF4B-00C04F79EFBC}") = "RecordUniqueNames", "RecordUniqueNames\RecordUniqueNames.csproj", "{44CCF598-FEA9-41D7-AFA7-D2BF72BB83F7}"
EndProject
Project("{FAE04EC0-301F-11D3-BF4B-00C04F79EFBC}") = "ParkingLot", "ParkingLot\ParkingLot.csproj", "{7294CF45-DE6D-43A6-B746-59CE1FC7D779}"
EndProject
Project("{FAE04EC0-301F-11D3-BF4B-00C04F79EFBC}") = "SoftuniParty", "SoftuniParty\SoftuniParty.csproj", "{84F9B826-EB94-4FBC-93E0-EECC423C931C}"
EndProject
Project("{FAE04EC0-301F-11D3-BF4B-00C04F79EFBC}") = "UniqueUsernames", "UniqueUsernames\UniqueUsernames.csproj", "{074F16A6-396F-45CF-8E77-7D4273E76F36}"
EndProject
Project("{FAE04EC0-301F-11D3-BF4B-00C04F79EFBC}") = "SetsOfElements", "SetsOfElements\SetsOfElements.csproj", "{AB692628-6508-4362-BD8A-8ACF1D318DB4}"
EndProject
Project("{FAE04EC0-301F-11D3-BF4B-00C04F79EFBC}") = "PeriodicTable", "PeriodicTable\PeriodicTable.csproj", "{64AFB6E4-0134-42FE-BBD8-9AD752A9D920}"
EndProject
Project("{FAE04EC0-301F-11D3-BF4B-00C04F79EFBC}") = "EvenTimes", "EvenTimes\EvenTimes.csproj", "{E1868216-D812-4F66-B809-D8928DE94206}"
EndProject
Project("{FAE04EC0-301F-11D3-BF4B-00C04F79EFBC}") = "CountSymbols", "CountSymbols\CountSymbols.csproj", "{BE656153-01E8-4863-BCD7-52D71AE83F80}"
EndProject
Project("{FAE04EC0-301F-11D3-BF4B-00C04F79EFBC}") = "Wardrobe", "Wardrobe\Wardrobe.csproj", "{F1F9604E-6431-47CC-9CFE-74FDFE509B73}"
EndProject
Global
	GlobalSection(SolutionConfigurationPlatforms) = preSolution
		Debug|Any CPU = Debug|Any CPU
		Debug|ARM = Debug|ARM
		Debug|ARM64 = Debug|ARM64
		Debug|x64 = Debug|x64
		Debug|x86 = Debug|x86
		Release|Any CPU = Release|Any CPU
		Release|ARM = Release|ARM
		Release|ARM64 = Release|ARM64
		Release|x64 = Release|x64
		Release|x86 = Release|x86
	EndGlobalSection
	GlobalSection(ProjectConfigurationPlatforms) = postSolution
		{08004632-A9E6-4B2A-8B25-0A970A44FDF7}.Debug|Any CPU.ActiveCfg = Debug|Any CPU
		{08004632-A9E6-4B2A-8B25-0A970A44FDF7}.Debug|Any CPU.Build.0 = Debug|Any CPU
		{08004632-A9E6-4B2A-8B25-0A970A44FDF7}.Debug|ARM.ActiveCfg = Debug|Any CPU
		{08004632-A9E6-4B2A-8B25-0A970A44FDF7}.Debug|ARM.Build.0 = Debug|Any CPU
		{08004632-A9E6-4B2A-8B25-0A970A44FDF7}.Debug|ARM64.ActiveCfg = Debug|Any CPU
		{08004632-A9E6-4B2A-8B25-0A970A44FDF7}.Debug|ARM64.Build.0 = Debug|Any CPU
		{08004632-A9E6-4B2A-8B25-0A970A44FDF7}.Debug|x64.ActiveCfg = Debug|Any CPU
		{08004632-A9E6-4B2A-8B25-0A970A44FDF7}.Debug|x64.Build.0 = Debug|Any CPU
		{08004632-A9E6-4B2A-8B25-0A970A44FDF7}.Debug|x86.ActiveCfg = Debug|Any CPU
		{08004632-A9E6-4B2A-8B25-0A970A44FDF7}.Debug|x86.Build.0 = Debug|Any CPU
		{08004632-A9E6-4B2A-8B25-0A970A44FDF7}.Release|Any CPU.ActiveCfg = Release|Any CPU
		{08004632-A9E6-4B2A-8B25-0A970A44FDF7}.Release|Any CPU.Build.0 = Release|Any CPU
		{08004632-A9E6-4B2A-8B25-0A970A44FDF7}.Release|ARM.ActiveCfg = Release|Any CPU
		{08004632-A9E6-4B2A-8B25-0A970A44FDF7}.Release|ARM.Build.0 = Release|Any CPU
		{08004632-A9E6-4B2A-8B25-0A970A44FDF7}.Release|ARM64.ActiveCfg = Release|Any CPU
		{08004632-A9E6-4B2A-8B25-0A970A44FDF7}.Release|ARM64.Build.0 = Release|Any CPU
		{08004632-A9E6-4B2A-8B25-0A970A44FDF7}.Release|x64.ActiveCfg = Release|Any CPU
		{08004632-A9E6-4B2A-8B25-0A970A44FDF7}.Release|x64.Build.0 = Release|Any CPU
		{08004632-A9E6-4B2A-8B25-0A970A44FDF7}.Release|x86.ActiveCfg = Release|Any CPU
		{08004632-A9E6-4B2A-8B25-0A970A44FDF7}.Release|x86.Build.0 = Release|Any CPU
		{8E3D1F11-F734-42D7-8CFC-2879AD0965C1}.Debug|Any CPU.ActiveCfg = Debug|Any CPU
		{8E3D1F11-F734-42D7-8CFC-2879AD0965C1}.Debug|Any CPU.Build.0 = Debug|Any CPU
		{8E3D1F11-F734-42D7-8CFC-2879AD0965C1}.Debug|ARM.ActiveCfg = Debug|Any CPU
		{8E3D1F11-F734-42D7-8CFC-2879AD0965C1}.Debug|ARM.Build.0 = Debug|Any CPU
		{8E3D1F11-F734-42D7-8CFC-2879AD0965C1}.Debug|ARM64.ActiveCfg = Debug|Any CPU
		{8E3D1F11-F734-42D7-8CFC-2879AD0965C1}.Debug|ARM64.Build.0 = Debug|Any CPU
		{8E3D1F11-F734-42D7-8CFC-2879AD0965C1}.Debug|x64.ActiveCfg = Debug|Any CPU
		{8E3D1F11-F734-42D7-8CFC-2879AD0965C1}.Debug|x64.Build.0 = Debug|Any CPU
		{8E3D1F11-F734-42D7-8CFC-2879AD0965C1}.Debug|x86.ActiveCfg = Debug|Any CPU
		{8E3D1F11-F734-42D7-8CFC-2879AD0965C1}.Debug|x86.Build.0 = Debug|Any CPU
		{8E3D1F11-F734-42D7-8CFC-2879AD0965C1}.Release|Any CPU.ActiveCfg = Release|Any CPU
		{8E3D1F11-F734-42D7-8CFC-2879AD0965C1}.Release|Any CPU.Build.0 = Release|Any CPU
		{8E3D1F11-F734-42D7-8CFC-2879AD0965C1}.Release|ARM.ActiveCfg = Release|Any CPU
		{8E3D1F11-F734-42D7-8CFC-2879AD0965C1}.Release|ARM.Build.0 = Release|Any CPU
		{8E3D1F11-F734-42D7-8CFC-2879AD0965C1}.Release|ARM64.ActiveCfg = Release|Any CPU
		{8E3D1F11-F734-42D7-8CFC-2879AD0965C1}.Release|ARM64.Build.0 = Release|Any CPU
		{8E3D1F11-F734-42D7-8CFC-2879AD0965C1}.Release|x64.ActiveCfg = Release|Any CPU
		{8E3D1F11-F734-42D7-8CFC-2879AD0965C1}.Release|x64.Build.0 = Release|Any CPU
		{8E3D1F11-F734-42D7-8CFC-2879AD0965C1}.Release|x86.ActiveCfg = Release|Any CPU
		{8E3D1F11-F734-42D7-8CFC-2879AD0965C1}.Release|x86.Build.0 = Release|Any CPU
		{EADBFEA2-C84F-4F89-B878-1099810BA138}.Debug|Any CPU.ActiveCfg = Debug|Any CPU
		{EADBFEA2-C84F-4F89-B878-1099810BA138}.Debug|Any CPU.Build.0 = Debug|Any CPU
		{EADBFEA2-C84F-4F89-B878-1099810BA138}.Debug|ARM.ActiveCfg = Debug|Any CPU
		{EADBFEA2-C84F-4F89-B878-1099810BA138}.Debug|ARM.Build.0 = Debug|Any CPU
		{EADBFEA2-C84F-4F89-B878-1099810BA138}.Debug|ARM64.ActiveCfg = Debug|Any CPU
		{EADBFEA2-C84F-4F89-B878-1099810BA138}.Debug|ARM64.Build.0 = Debug|Any CPU
		{EADBFEA2-C84F-4F89-B878-1099810BA138}.Debug|x64.ActiveCfg = Debug|Any CPU
		{EADBFEA2-C84F-4F89-B878-1099810BA138}.Debug|x64.Build.0 = Debug|Any CPU
		{EADBFEA2-C84F-4F89-B878-1099810BA138}.Debug|x86.ActiveCfg = Debug|Any CPU
		{EADBFEA2-C84F-4F89-B878-1099810BA138}.Debug|x86.Build.0 = Debug|Any CPU
		{EADBFEA2-C84F-4F89-B878-1099810BA138}.Release|Any CPU.ActiveCfg = Release|Any CPU
		{EADBFEA2-C84F-4F89-B878-1099810BA138}.Release|Any CPU.Build.0 = Release|Any CPU
		{EADBFEA2-C84F-4F89-B878-1099810BA138}.Release|ARM.ActiveCfg = Release|Any CPU
		{EADBFEA2-C84F-4F89-B878-1099810BA138}.Release|ARM.Build.0 = Release|Any CPU
		{EADBFEA2-C84F-4F89-B878-1099810BA138}.Release|ARM64.ActiveCfg = Release|Any CPU
		{EADBFEA2-C84F-4F89-B878-1099810BA138}.Release|ARM64.Build.0 = Release|Any CPU
		{EADBFEA2-C84F-4F89-B878-1099810BA138}.Release|x64.ActiveCfg = Release|Any CPU
		{EADBFEA2-C84F-4F89-B878-1099810BA138}.Release|x64.Build.0 = Release|Any CPU
		{EADBFEA2-C84F-4F89-B878-1099810BA138}.Release|x86.ActiveCfg = Release|Any CPU
		{EADBFEA2-C84F-4F89-B878-1099810BA138}.Release|x86.Build.0 = Release|Any CPU
		{696276DD-57C9-4FE4-81E7-34C0725BDC64}.Debug|Any CPU.ActiveCfg = Debug|Any CPU
		{696276DD-57C9-4FE4-81E7-34C0725BDC64}.Debug|Any CPU.Build.0 = Debug|Any CPU
		{696276DD-57C9-4FE4-81E7-34C0725BDC64}.Debug|ARM.ActiveCfg = Debug|Any CPU
		{696276DD-57C9-4FE4-81E7-34C0725BDC64}.Debug|ARM.Build.0 = Debug|Any CPU
		{696276DD-57C9-4FE4-81E7-34C0725BDC64}.Debug|ARM64.ActiveCfg = Debug|Any CPU
		{696276DD-57C9-4FE4-81E7-34C0725BDC64}.Debug|ARM64.Build.0 = Debug|Any CPU
		{696276DD-57C9-4FE4-81E7-34C0725BDC64}.Debug|x64.ActiveCfg = Debug|Any CPU
		{696276DD-57C9-4FE4-81E7-34C0725BDC64}.Debug|x64.Build.0 = Debug|Any CPU
		{696276DD-57C9-4FE4-81E7-34C0725BDC64}.Debug|x86.ActiveCfg = Debug|Any CPU
		{696276DD-57C9-4FE4-81E7-34C0725BDC64}.Debug|x86.Build.0 = Debug|Any CPU
		{696276DD-57C9-4FE4-81E7-34C0725BDC64}.Release|Any CPU.ActiveCfg = Release|Any CPU
		{696276DD-57C9-4FE4-81E7-34C0725BDC64}.Release|Any CPU.Build.0 = Release|Any CPU
		{696276DD-57C9-4FE4-81E7-34C0725BDC64}.Release|ARM.ActiveCfg = Release|Any CPU
		{696276DD-57C9-4FE4-81E7-34C0725BDC64}.Release|ARM.Build.0 = Release|Any CPU
		{696276DD-57C9-4FE4-81E7-34C0725BDC64}.Release|ARM64.ActiveCfg = Release|Any CPU
		{696276DD-57C9-4FE4-81E7-34C0725BDC64}.Release|ARM64.Build.0 = Release|Any CPU
		{696276DD-57C9-4FE4-81E7-34C0725BDC64}.Release|x64.ActiveCfg = Release|Any CPU
		{696276DD-57C9-4FE4-81E7-34C0725BDC64}.Release|x64.Build.0 = Release|Any CPU
		{696276DD-57C9-4FE4-81E7-34C0725BDC64}.Release|x86.ActiveCfg = Release|Any CPU
		{696276DD-57C9-4FE4-81E7-34C0725BDC64}.Release|x86.Build.0 = Release|Any CPU
		{44CCF598-FEA9-41D7-AFA7-D2BF72BB83F7}.Debug|Any CPU.ActiveCfg = Debug|Any CPU
		{44CCF598-FEA9-41D7-AFA7-D2BF72BB83F7}.Debug|Any CPU.Build.0 = Debug|Any CPU
		{44CCF598-FEA9-41D7-AFA7-D2BF72BB83F7}.Debug|ARM.ActiveCfg = Debug|Any CPU
		{44CCF598-FEA9-41D7-AFA7-D2BF72BB83F7}.Debug|ARM.Build.0 = Debug|Any CPU
		{44CCF598-FEA9-41D7-AFA7-D2BF72BB83F7}.Debug|ARM64.ActiveCfg = Debug|Any CPU
		{44CCF598-FEA9-41D7-AFA7-D2BF72BB83F7}.Debug|ARM64.Build.0 = Debug|Any CPU
		{44CCF598-FEA9-41D7-AFA7-D2BF72BB83F7}.Debug|x64.ActiveCfg = Debug|Any CPU
		{44CCF598-FEA9-41D7-AFA7-D2BF72BB83F7}.Debug|x64.Build.0 = Debug|Any CPU
		{44CCF598-FEA9-41D7-AFA7-D2BF72BB83F7}.Debug|x86.ActiveCfg = Debug|Any CPU
		{44CCF598-FEA9-41D7-AFA7-D2BF72BB83F7}.Debug|x86.Build.0 = Debug|Any CPU
		{44CCF598-FEA9-41D7-AFA7-D2BF72BB83F7}.Release|Any CPU.ActiveCfg = Release|Any CPU
		{44CCF598-FEA9-41D7-AFA7-D2BF72BB83F7}.Release|Any CPU.Build.0 = Release|Any CPU
		{44CCF598-FEA9-41D7-AFA7-D2BF72BB83F7}.Release|ARM.ActiveCfg = Release|Any CPU
		{44CCF598-FEA9-41D7-AFA7-D2BF72BB83F7}.Release|ARM.Build.0 = Release|Any CPU
		{44CCF598-FEA9-41D7-AFA7-D2BF72BB83F7}.Release|ARM64.ActiveCfg = Release|Any CPU
		{44CCF598-FEA9-41D7-AFA7-D2BF72BB83F7}.Release|ARM64.Build.0 = Release|Any CPU
		{44CCF598-FEA9-41D7-AFA7-D2BF72BB83F7}.Release|x64.ActiveCfg = Release|Any CPU
		{44CCF598-FEA9-41D7-AFA7-D2BF72BB83F7}.Release|x64.Build.0 = Release|Any CPU
		{44CCF598-FEA9-41D7-AFA7-D2BF72BB83F7}.Release|x86.ActiveCfg = Release|Any CPU
		{44CCF598-FEA9-41D7-AFA7-D2BF72BB83F7}.Release|x86.Build.0 = Release|Any CPU
		{7294CF45-DE6D-43A6-B746-59CE1FC7D779}.Debug|Any CPU.ActiveCfg = Debug|Any CPU
		{7294CF45-DE6D-43A6-B746-59CE1FC7D779}.Debug|Any CPU.Build.0 = Debug|Any CPU
		{7294CF45-DE6D-43A6-B746-59CE1FC7D779}.Debug|ARM.ActiveCfg = Debug|Any CPU
		{7294CF45-DE6D-43A6-B746-59CE1FC7D779}.Debug|ARM.Build.0 = Debug|Any CPU
		{7294CF45-DE6D-43A6-B746-59CE1FC7D779}.Debug|ARM64.ActiveCfg = Debug|Any CPU
		{7294CF45-DE6D-43A6-B746-59CE1FC7D779}.Debug|ARM64.Build.0 = Debug|Any CPU
		{7294CF45-DE6D-43A6-B746-59CE1FC7D779}.Debug|x64.ActiveCfg = Debug|Any CPU
		{7294CF45-DE6D-43A6-B746-59CE1FC7D779}.Debug|x64.Build.0 = Debug|Any CPU
		{7294CF45-DE6D-43A6-B746-59CE1FC7D779}.Debug|x86.ActiveCfg = Debug|Any CPU
		{7294CF45-DE6D-43A6-B746-59CE1FC7D779}.Debug|x86.Build.0 = Debug|Any CPU
		{7294CF45-DE6D-43A6-B746-59CE1FC7D779}.Release|Any CPU.ActiveCfg = Release|Any CPU
		{7294CF45-DE6D-43A6-B746-59CE1FC7D779}.Release|Any CPU.Build.0 = Release|Any CPU
		{7294CF45-DE6D-43A6-B746-59CE1FC7D779}.Release|ARM.ActiveCfg = Release|Any CPU
		{7294CF45-DE6D-43A6-B746-59CE1FC7D779}.Release|ARM.Build.0 = Release|Any CPU
		{7294CF45-DE6D-43A6-B746-59CE1FC7D779}.Release|ARM64.ActiveCfg = Release|Any CPU
		{7294CF45-DE6D-43A6-B746-59CE1FC7D779}.Release|ARM64.Build.0 = Release|Any CPU
		{7294CF45-DE6D-43A6-B746-59CE1FC7D779}.Release|x64.ActiveCfg = Release|Any CPU
		{7294CF45-DE6D-43A6-B746-59CE1FC7D779}.Release|x64.Build.0 = Release|Any CPU
		{7294CF45-DE6D-43A6-B746-59CE1FC7D779}.Release|x86.ActiveCfg = Release|Any CPU
		{7294CF45-DE6D-43A6-B746-59CE1FC7D779}.Release|x86.Build.0 = Release|Any CPU
		{84F9B826-EB94-4FBC-93E0-EECC423C931C}.Debug|Any CPU.ActiveCfg = Debug|Any CPU
		{84F9B826-EB94-4FBC-93E0-EECC423C931C}.Debug|Any CPU.Build.0 = Debug|Any CPU
		{84F9B826-EB94-4FBC-93E0-EECC423C931C}.Debug|ARM.ActiveCfg = Debug|Any CPU
		{84F9B826-EB94-4FBC-93E0-EECC423C931C}.Debug|ARM.Build.0 = Debug|Any CPU
		{84F9B826-EB94-4FBC-93E0-EECC423C931C}.Debug|ARM64.ActiveCfg = Debug|Any CPU
		{84F9B826-EB94-4FBC-93E0-EECC423C931C}.Debug|ARM64.Build.0 = Debug|Any CPU
		{84F9B826-EB94-4FBC-93E0-EECC423C931C}.Debug|x64.ActiveCfg = Debug|Any CPU
		{84F9B826-EB94-4FBC-93E0-EECC423C931C}.Debug|x64.Build.0 = Debug|Any CPU
		{84F9B826-EB94-4FBC-93E0-EECC423C931C}.Debug|x86.ActiveCfg = Debug|Any CPU
		{84F9B826-EB94-4FBC-93E0-EECC423C931C}.Debug|x86.Build.0 = Debug|Any CPU
		{84F9B826-EB94-4FBC-93E0-EECC423C931C}.Release|Any CPU.ActiveCfg = Release|Any CPU
		{84F9B826-EB94-4FBC-93E0-EECC423C931C}.Release|Any CPU.Build.0 = Release|Any CPU
		{84F9B826-EB94-4FBC-93E0-EECC423C931C}.Release|ARM.ActiveCfg = Release|Any CPU
		{84F9B826-EB94-4FBC-93E0-EECC423C931C}.Release|ARM.Build.0 = Release|Any CPU
		{84F9B826-EB94-4FBC-93E0-EECC423C931C}.Release|ARM64.ActiveCfg = Release|Any CPU
		{84F9B826-EB94-4FBC-93E0-EECC423C931C}.Release|ARM64.Build.0 = Release|Any CPU
		{84F9B826-EB94-4FBC-93E0-EECC423C931C}.Release|x64.ActiveCfg = Release|Any CPU
		{84F9B826-EB94-4FBC-93E0-EECC423C931C}.Release|x64.Build.0 = Release|Any CPU
		{84F9B826-EB94-4FBC-93E0-EECC423C931C}.Release|x86.ActiveCfg = Release|Any CPU
		{84F9B826-EB94-4FBC-93E0-EECC423C931C}.Release|x86.Build.0 = Release|Any CPU
		{074F16A6-396F-45CF-8E77-7D4273E76F36}.Debug|Any CPU.ActiveCfg = Debug|Any CPU
		{074F16A6-396F-45CF-8E77-7D4273E76F36}.Debug|Any CPU.Build.0 = Debug|Any CPU
		{074F16A6-396F-45CF-8E77-7D4273E76F36}.Debug|ARM.ActiveCfg = Debug|Any CPU
		{074F16A6-396F-45CF-8E77-7D4273E76F36}.Debug|ARM.Build.0 = Debug|Any CPU
		{074F16A6-396F-45CF-8E77-7D4273E76F36}.Debug|ARM64.ActiveCfg = Debug|Any CPU
		{074F16A6-396F-45CF-8E77-7D4273E76F36}.Debug|ARM64.Build.0 = Debug|Any CPU
		{074F16A6-396F-45CF-8E77-7D4273E76F36}.Debug|x64.ActiveCfg = Debug|Any CPU
		{074F16A6-396F-45CF-8E77-7D4273E76F36}.Debug|x64.Build.0 = Debug|Any CPU
		{074F16A6-396F-45CF-8E77-7D4273E76F36}.Debug|x86.ActiveCfg = Debug|Any CPU
		{074F16A6-396F-45CF-8E77-7D4273E76F36}.Debug|x86.Build.0 = Debug|Any CPU
		{074F16A6-396F-45CF-8E77-7D4273E76F36}.Release|Any CPU.ActiveCfg = Release|Any CPU
		{074F16A6-396F-45CF-8E77-7D4273E76F36}.Release|Any CPU.Build.0 = Release|Any CPU
		{074F16A6-396F-45CF-8E77-7D4273E76F36}.Release|ARM.ActiveCfg = Release|Any CPU
		{074F16A6-396F-45CF-8E77-7D4273E76F36}.Release|ARM.Build.0 = Release|Any CPU
		{074F16A6-396F-45CF-8E77-7D4273E76F36}.Release|ARM64.ActiveCfg = Release|Any CPU
		{074F16A6-396F-45CF-8E77-7D4273E76F36}.Release|ARM64.Build.0 = Release|Any CPU
		{074F16A6-396F-45CF-8E77-7D4273E76F36}.Release|x64.ActiveCfg = Release|Any CPU
		{074F16A6-396F-45CF-8E77-7D4273E76F36}.Release|x64.Build.0 = Release|Any CPU
		{074F16A6-396F-45CF-8E77-7D4273E76F36}.Release|x86.ActiveCfg = Release|Any CPU
		{074F16A6-396F-45CF-8E77-7D4273E76F36}.Release|x86.Build.0 = Release|Any CPU
		{AB692628-6508-4362-BD8A-8ACF1D318DB4}.Debug|Any CPU.ActiveCfg = Debug|Any CPU
		{AB692628-6508-4362-BD8A-8ACF1D318DB4}.Debug|Any CPU.Build.0 = Debug|Any CPU
		{AB692628-6508-4362-BD8A-8ACF1D318DB4}.Debug|ARM.ActiveCfg = Debug|Any CPU
		{AB692628-6508-4362-BD8A-8ACF1D318DB4}.Debug|ARM.Build.0 = Debug|Any CPU
		{AB692628-6508-4362-BD8A-8ACF1D318DB4}.Debug|ARM64.ActiveCfg = Debug|Any CPU
		{AB692628-6508-4362-BD8A-8ACF1D318DB4}.Debug|ARM64.Build.0 = Debug|Any CPU
		{AB692628-6508-4362-BD8A-8ACF1D318DB4}.Debug|x64.ActiveCfg = Debug|Any CPU
		{AB692628-6508-4362-BD8A-8ACF1D318DB4}.Debug|x64.Build.0 = Debug|Any CPU
		{AB692628-6508-4362-BD8A-8ACF1D318DB4}.Debug|x86.ActiveCfg = Debug|Any CPU
		{AB692628-6508-4362-BD8A-8ACF1D318DB4}.Debug|x86.Build.0 = Debug|Any CPU
		{AB692628-6508-4362-BD8A-8ACF1D318DB4}.Release|Any CPU.ActiveCfg = Release|Any CPU
		{AB692628-6508-4362-BD8A-8ACF1D318DB4}.Release|Any CPU.Build.0 = Release|Any CPU
		{AB692628-6508-4362-BD8A-8ACF1D318DB4}.Release|ARM.ActiveCfg = Release|Any CPU
		{AB692628-6508-4362-BD8A-8ACF1D318DB4}.Release|ARM.Build.0 = Release|Any CPU
		{AB692628-6508-4362-BD8A-8ACF1D318DB4}.Release|ARM64.ActiveCfg = Release|Any CPU
		{AB692628-6508-4362-BD8A-8ACF1D318DB4}.Release|ARM64.Build.0 = Release|Any CPU
		{AB692628-6508-4362-BD8A-8ACF1D318DB4}.Release|x64.ActiveCfg = Release|Any CPU
		{AB692628-6508-4362-BD8A-8ACF1D318DB4}.Release|x64.Build.0 = Release|Any CPU
		{AB692628-6508-4362-BD8A-8ACF1D318DB4}.Release|x86.ActiveCfg = Release|Any CPU
		{AB692628-6508-4362-BD8A-8ACF1D318DB4}.Release|x86.Build.0 = Release|Any CPU
		{64AFB6E4-0134-42FE-BBD8-9AD752A9D920}.Debug|Any CPU.ActiveCfg = Debug|Any CPU
		{64AFB6E4-0134-42FE-BBD8-9AD752A9D920}.Debug|Any CPU.Build.0 = Debug|Any CPU
		{64AFB6E4-0134-42FE-BBD8-9AD752A9D920}.Debug|ARM.ActiveCfg = Debug|Any CPU
		{64AFB6E4-0134-42FE-BBD8-9AD752A9D920}.Debug|ARM.Build.0 = Debug|Any CPU
		{64AFB6E4-0134-42FE-BBD8-9AD752A9D920}.Debug|ARM64.ActiveCfg = Debug|Any CPU
		{64AFB6E4-0134-42FE-BBD8-9AD752A9D920}.Debug|ARM64.Build.0 = Debug|Any CPU
		{64AFB6E4-0134-42FE-BBD8-9AD752A9D920}.Debug|x64.ActiveCfg = Debug|Any CPU
		{64AFB6E4-0134-42FE-BBD8-9AD752A9D920}.Debug|x64.Build.0 = Debug|Any CPU
		{64AFB6E4-0134-42FE-BBD8-9AD752A9D920}.Debug|x86.ActiveCfg = Debug|Any CPU
		{64AFB6E4-0134-42FE-BBD8-9AD752A9D920}.Debug|x86.Build.0 = Debug|Any CPU
		{64AFB6E4-0134-42FE-BBD8-9AD752A9D920}.Release|Any CPU.ActiveCfg = Release|Any CPU
		{64AFB6E4-0134-42FE-BBD8-9AD752A9D920}.Release|Any CPU.Build.0 = Release|Any CPU
		{64AFB6E4-0134-42FE-BBD8-9AD752A9D920}.Release|ARM.ActiveCfg = Release|Any CPU
		{64AFB6E4-0134-42FE-BBD8-9AD752A9D920}.Release|ARM.Build.0 = Release|Any CPU
		{64AFB6E4-0134-42FE-BBD8-9AD752A9D920}.Release|ARM64.ActiveCfg = Release|Any CPU
		{64AFB6E4-0134-42FE-BBD8-9AD752A9D920}.Release|ARM64.Build.0 = Release|Any CPU
		{64AFB6E4-0134-42FE-BBD8-9AD752A9D920}.Release|x64.ActiveCfg = Release|Any CPU
		{64AFB6E4-0134-42FE-BBD8-9AD752A9D920}.Release|x64.Build.0 = Release|Any CPU
		{64AFB6E4-0134-42FE-BBD8-9AD752A9D920}.Release|x86.ActiveCfg = Release|Any CPU
		{64AFB6E4-0134-42FE-BBD8-9AD752A9D920}.Release|x86.Build.0 = Release|Any CPU
		{E1868216-D812-4F66-B809-D8928DE94206}.Debug|Any CPU.ActiveCfg = Debug|Any CPU
		{E1868216-D812-4F66-B809-D8928DE94206}.Debug|Any CPU.Build.0 = Debug|Any CPU
		{E1868216-D812-4F66-B809-D8928DE94206}.Debug|ARM.ActiveCfg = Debug|Any CPU
		{E1868216-D812-4F66-B809-D8928DE94206}.Debug|ARM.Build.0 = Debug|Any CPU
		{E1868216-D812-4F66-B809-D8928DE94206}.Debug|ARM64.ActiveCfg = Debug|Any CPU
		{E1868216-D812-4F66-B809-D8928DE94206}.Debug|ARM64.Build.0 = Debug|Any CPU
		{E1868216-D812-4F66-B809-D8928DE94206}.Debug|x64.ActiveCfg = Debug|Any CPU
		{E1868216-D812-4F66-B809-D8928DE94206}.Debug|x64.Build.0 = Debug|Any CPU
		{E1868216-D812-4F66-B809-D8928DE94206}.Debug|x86.ActiveCfg = Debug|Any CPU
		{E1868216-D812-4F66-B809-D8928DE94206}.Debug|x86.Build.0 = Debug|Any CPU
		{E1868216-D812-4F66-B809-D8928DE94206}.Release|Any CPU.ActiveCfg = Release|Any CPU
		{E1868216-D812-4F66-B809-D8928DE94206}.Release|Any CPU.Build.0 = Release|Any CPU
		{E1868216-D812-4F66-B809-D8928DE94206}.Release|ARM.ActiveCfg = Release|Any CPU
		{E1868216-D812-4F66-B809-D8928DE94206}.Release|ARM.Build.0 = Release|Any CPU
		{E1868216-D812-4F66-B809-D8928DE94206}.Release|ARM64.ActiveCfg = Release|Any CPU
		{E1868216-D812-4F66-B809-D8928DE94206}.Release|ARM64.Build.0 = Release|Any CPU
		{E1868216-D812-4F66-B809-D8928DE94206}.Release|x64.ActiveCfg = Release|Any CPU
		{E1868216-D812-4F66-B809-D8928DE94206}.Release|x64.Build.0 = Release|Any CPU
		{E1868216-D812-4F66-B809-D8928DE94206}.Release|x86.ActiveCfg = Release|Any CPU
		{E1868216-D812-4F66-B809-D8928DE94206}.Release|x86.Build.0 = Release|Any CPU
		{BE656153-01E8-4863-BCD7-52D71AE83F80}.Debug|Any CPU.ActiveCfg = Debug|Any CPU
		{BE656153-01E8-4863-BCD7-52D71AE83F80}.Debug|Any CPU.Build.0 = Debug|Any CPU
		{BE656153-01E8-4863-BCD7-52D71AE83F80}.Debug|ARM.ActiveCfg = Debug|Any CPU
		{BE656153-01E8-4863-BCD7-52D71AE83F80}.Debug|ARM.Build.0 = Debug|Any CPU
		{BE656153-01E8-4863-BCD7-52D71AE83F80}.Debug|ARM64.ActiveCfg = Debug|Any CPU
		{BE656153-01E8-4863-BCD7-52D71AE83F80}.Debug|ARM64.Build.0 = Debug|Any CPU
		{BE656153-01E8-4863-BCD7-52D71AE83F80}.Debug|x64.ActiveCfg = Debug|Any CPU
		{BE656153-01E8-4863-BCD7-52D71AE83F80}.Debug|x64.Build.0 = Debug|Any CPU
		{BE656153-01E8-4863-BCD7-52D71AE83F80}.Debug|x86.ActiveCfg = Debug|Any CPU
		{BE656153-01E8-4863-BCD7-52D71AE83F80}.Debug|x86.Build.0 = Debug|Any CPU
		{BE656153-01E8-4863-BCD7-52D71AE83F80}.Release|Any CPU.ActiveCfg = Release|Any CPU
		{BE656153-01E8-4863-BCD7-52D71AE83F80}.Release|Any CPU.Build.0 = Release|Any CPU
		{BE656153-01E8-4863-BCD7-52D71AE83F80}.Release|ARM.ActiveCfg = Release|Any CPU
		{BE656153-01E8-4863-BCD7-52D71AE83F80}.Release|ARM.Build.0 = Release|Any CPU
		{BE656153-01E8-4863-BCD7-52D71AE83F80}.Release|ARM64.ActiveCfg = Release|Any CPU
		{BE656153-01E8-4863-BCD7-52D71AE83F80}.Release|ARM64.Build.0 = Release|Any CPU
		{BE656153-01E8-4863-BCD7-52D71AE83F80}.Release|x64.ActiveCfg = Release|Any CPU
		{BE656153-01E8-4863-BCD7-52D71AE83F80}.Release|x64.Build.0 = Release|Any CPU
		{BE656153-01E8-4863-BCD7-52D71AE83F80}.Release|x86.ActiveCfg = Release|Any CPU
		{BE656153-01E8-4863-BCD7-52D71AE83F80}.Release|x86.Build.0 = Release|Any CPU
		{F1F9604E-6431-47CC-9CFE-74FDFE509B73}.Debug|Any CPU.ActiveCfg = Debug|Any CPU
		{F1F9604E-6431-47CC-9CFE-74FDFE509B73}.Debug|Any CPU.Build.0 = Debug|Any CPU
		{F1F9604E-6431-47CC-9CFE-74FDFE509B73}.Debug|ARM.ActiveCfg = Debug|Any CPU
		{F1F9604E-6431-47CC-9CFE-74FDFE509B73}.Debug|ARM.Build.0 = Debug|Any CPU
		{F1F9604E-6431-47CC-9CFE-74FDFE509B73}.Debug|ARM64.ActiveCfg = Debug|Any CPU
		{F1F9604E-6431-47CC-9CFE-74FDFE509B73}.Debug|ARM64.Build.0 = Debug|Any CPU
		{F1F9604E-6431-47CC-9CFE-74FDFE509B73}.Debug|x64.ActiveCfg = Debug|Any CPU
		{F1F9604E-6431-47CC-9CFE-74FDFE509B73}.Debug|x64.Build.0 = Debug|Any CPU
		{F1F9604E-6431-47CC-9CFE-74FDFE509B73}.Debug|x86.ActiveCfg = Debug|Any CPU
		{F1F9604E-6431-47CC-9CFE-74FDFE509B73}.Debug|x86.Build.0 = Debug|Any CPU
		{F1F9604E-6431-47CC-9CFE-74FDFE509B73}.Release|Any CPU.ActiveCfg = Release|Any CPU
		{F1F9604E-6431-47CC-9CFE-74FDFE509B73}.Release|Any CPU.Build.0 = Release|Any CPU
		{F1F9604E-6431-47CC-9CFE-74FDFE509B73}.Release|ARM.ActiveCfg = Release|Any CPU
		{F1F9604E-6431-47CC-9CFE-74FDFE509B73}.Release|ARM.Build.0 = Release|Any CPU
		{F1F9604E-6431-47CC-9CFE-74FDFE509B73}.Release|ARM64.ActiveCfg = Release|Any CPU
		{F1F9604E-6431-47CC-9CFE-74FDFE509B73}.Release|ARM64.Build.0 = Release|Any CPU
		{F1F9604E-6431-47CC-9CFE-74FDFE509B73}.Release|x64.ActiveCfg = Release|Any CPU
		{F1F9604E-6431-47CC-9CFE-74FDFE509B73}.Release|x64.Build.0 = Release|Any CPU
		{F1F9604E-6431-47CC-9CFE-74FDFE509B73}.Release|x86.ActiveCfg = Release|Any CPU
		{F1F9604E-6431-47CC-9CFE-74FDFE509B73}.Release|x86.Build.0 = Release|Any CPU
	EndGlobalSection
	GlobalSection(SolutionProperties) = preSolution
		HideSolutionNode = FALSE
	EndGlobalSection
	GlobalSection(ExtensibilityGlobals) = postSolution
		SolutionGuid = {33843A10-3CFD-46B6-B921-9AE53D803649}
	EndGlobalSection
EndGlobal
