
Microsoft Visual Studio Solution File, Format Version 12.00
# Visual Studio 15
VisualStudioVersion = 15.0.28307.102
MinimumVisualStudioVersion = 10.0.40219.1
Project("{9A19103F-16F7-4668-BE54-9A1E7A4F7556}") = "Car", "Car\Car.csproj", "{BAA55272-FC13-4D20-96A7-A7BA0B548560}"
EndProject
Project("{9A19103F-16F7-4668-BE54-9A1E7A4F7556}") = "DefiningClasses", "DefiningClasses\DefiningClasses.csproj", "{8A01CDE1-AFCC-45D2-BDAA-255D2F0F4CD7}"
EndProject
Project("{9A19103F-16F7-4668-BE54-9A1E7A4F7556}") = "Modifier", "DateModifier\Modifier.csproj", "{3D018481-91FA-4216-9A16-5C6884527626}"
EndProject
Project("{9A19103F-16F7-4668-BE54-9A1E7A4F7556}") = "CarSalesman", "CarSalesman\CarSalesman.csproj", "{8E335AE7-FECB-433C-95CB-297F2576A985}"
EndProject
Project("{FAE04EC0-301F-11D3-BF4B-00C04F79EFBC}") = "PokemonTrainer", "PokemonTrainer\PokemonTrainer.csproj", "{E8616335-21A2-4580-9A3C-6E97B41FACE6}"
EndProject
Global
	GlobalSection(SolutionConfigurationPlatforms) = preSolution
		Debug|Any CPU = Debug|Any CPU
		Debug|ARM = Debug|ARM
		Debug|ARM64 = Debug|ARM64
		Debug|x64 = Debug|x64
		Debug|x86 = Debug|x86
		Release|Any CPU = Release|Any CPU
		Release|ARM = Release|ARM
		Release|ARM64 = Release|ARM64
		Release|x64 = Release|x64
		Release|x86 = Release|x86
	EndGlobalSection
	GlobalSection(ProjectConfigurationPlatforms) = postSolution
		{BAA55272-FC13-4D20-96A7-A7BA0B548560}.Debug|Any CPU.ActiveCfg = Debug|Any CPU
		{BAA55272-FC13-4D20-96A7-A7BA0B548560}.Debug|Any CPU.Build.0 = Debug|Any CPU
		{BAA55272-FC13-4D20-96A7-A7BA0B548560}.Debug|ARM.ActiveCfg = Debug|Any CPU
		{BAA55272-FC13-4D20-96A7-A7BA0B548560}.Debug|ARM.Build.0 = Debug|Any CPU
		{BAA55272-FC13-4D20-96A7-A7BA0B548560}.Debug|ARM64.ActiveCfg = Debug|Any CPU
		{BAA55272-FC13-4D20-96A7-A7BA0B548560}.Debug|ARM64.Build.0 = Debug|Any CPU
		{BAA55272-FC13-4D20-96A7-A7BA0B548560}.Debug|x64.ActiveCfg = Debug|Any CPU
		{BAA55272-FC13-4D20-96A7-A7BA0B548560}.Debug|x64.Build.0 = Debug|Any CPU
		{BAA55272-FC13-4D20-96A7-A7BA0B548560}.Debug|x86.ActiveCfg = Debug|Any CPU
		{BAA55272-FC13-4D20-96A7-A7BA0B548560}.Debug|x86.Build.0 = Debug|Any CPU
		{BAA55272-FC13-4D20-96A7-A7BA0B548560}.Release|Any CPU.ActiveCfg = Release|Any CPU
		{BAA55272-FC13-4D20-96A7-A7BA0B548560}.Release|Any CPU.Build.0 = Release|Any CPU
		{BAA55272-FC13-4D20-96A7-A7BA0B548560}.Release|ARM.ActiveCfg = Release|Any CPU
		{BAA55272-FC13-4D20-96A7-A7BA0B548560}.Release|ARM.Build.0 = Release|Any CPU
		{BAA55272-FC13-4D20-96A7-A7BA0B548560}.Release|ARM64.ActiveCfg = Release|Any CPU
		{BAA55272-FC13-4D20-96A7-A7BA0B548560}.Release|ARM64.Build.0 = Release|Any CPU
		{BAA55272-FC13-4D20-96A7-A7BA0B548560}.Release|x64.ActiveCfg = Release|Any CPU
		{BAA55272-FC13-4D20-96A7-A7BA0B548560}.Release|x64.Build.0 = Release|Any CPU
		{BAA55272-FC13-4D20-96A7-A7BA0B548560}.Release|x86.ActiveCfg = Release|Any CPU
		{BAA55272-FC13-4D20-96A7-A7BA0B548560}.Release|x86.Build.0 = Release|Any CPU
		{8A01CDE1-AFCC-45D2-BDAA-255D2F0F4CD7}.Debug|Any CPU.ActiveCfg = Debug|Any CPU
		{8A01CDE1-AFCC-45D2-BDAA-255D2F0F4CD7}.Debug|Any CPU.Build.0 = Debug|Any CPU
		{8A01CDE1-AFCC-45D2-BDAA-255D2F0F4CD7}.Debug|ARM.ActiveCfg = Debug|Any CPU
		{8A01CDE1-AFCC-45D2-BDAA-255D2F0F4CD7}.Debug|ARM.Build.0 = Debug|Any CPU
		{8A01CDE1-AFCC-45D2-BDAA-255D2F0F4CD7}.Debug|ARM64.ActiveCfg = Debug|Any CPU
		{8A01CDE1-AFCC-45D2-BDAA-255D2F0F4CD7}.Debug|ARM64.Build.0 = Debug|Any CPU
		{8A01CDE1-AFCC-45D2-BDAA-255D2F0F4CD7}.Debug|x64.ActiveCfg = Debug|Any CPU
		{8A01CDE1-AFCC-45D2-BDAA-255D2F0F4CD7}.Debug|x64.Build.0 = Debug|Any CPU
		{8A01CDE1-AFCC-45D2-BDAA-255D2F0F4CD7}.Debug|x86.ActiveCfg = Debug|Any CPU
		{8A01CDE1-AFCC-45D2-BDAA-255D2F0F4CD7}.Debug|x86.Build.0 = Debug|Any CPU
		{8A01CDE1-AFCC-45D2-BDAA-255D2F0F4CD7}.Release|Any CPU.ActiveCfg = Release|Any CPU
		{8A01CDE1-AFCC-45D2-BDAA-255D2F0F4CD7}.Release|Any CPU.Build.0 = Release|Any CPU
		{8A01CDE1-AFCC-45D2-BDAA-255D2F0F4CD7}.Release|ARM.ActiveCfg = Release|Any CPU
		{8A01CDE1-AFCC-45D2-BDAA-255D2F0F4CD7}.Release|ARM.Build.0 = Release|Any CPU
		{8A01CDE1-AFCC-45D2-BDAA-255D2F0F4CD7}.Release|ARM64.ActiveCfg = Release|Any CPU
		{8A01CDE1-AFCC-45D2-BDAA-255D2F0F4CD7}.Release|ARM64.Build.0 = Release|Any CPU
		{8A01CDE1-AFCC-45D2-BDAA-255D2F0F4CD7}.Release|x64.ActiveCfg = Release|Any CPU
		{8A01CDE1-AFCC-45D2-BDAA-255D2F0F4CD7}.Release|x64.Build.0 = Release|Any CPU
		{8A01CDE1-AFCC-45D2-BDAA-255D2F0F4CD7}.Release|x86.ActiveCfg = Release|Any CPU
		{8A01CDE1-AFCC-45D2-BDAA-255D2F0F4CD7}.Release|x86.Build.0 = Release|Any CPU
		{3D018481-91FA-4216-9A16-5C6884527626}.Debug|Any CPU.ActiveCfg = Debug|Any CPU
		{3D018481-91FA-4216-9A16-5C6884527626}.Debug|Any CPU.Build.0 = Debug|Any CPU
		{3D018481-91FA-4216-9A16-5C6884527626}.Debug|ARM.ActiveCfg = Debug|Any CPU
		{3D018481-91FA-4216-9A16-5C6884527626}.Debug|ARM.Build.0 = Debug|Any CPU
		{3D018481-91FA-4216-9A16-5C6884527626}.Debug|ARM64.ActiveCfg = Debug|Any CPU
		{3D018481-91FA-4216-9A16-5C6884527626}.Debug|ARM64.Build.0 = Debug|Any CPU
		{3D018481-91FA-4216-9A16-5C6884527626}.Debug|x64.ActiveCfg = Debug|Any CPU
		{3D018481-91FA-4216-9A16-5C6884527626}.Debug|x64.Build.0 = Debug|Any CPU
		{3D018481-91FA-4216-9A16-5C6884527626}.Debug|x86.ActiveCfg = Debug|Any CPU
		{3D018481-91FA-4216-9A16-5C6884527626}.Debug|x86.Build.0 = Debug|Any CPU
		{3D018481-91FA-4216-9A16-5C6884527626}.Release|Any CPU.ActiveCfg = Release|Any CPU
		{3D018481-91FA-4216-9A16-5C6884527626}.Release|Any CPU.Build.0 = Release|Any CPU
		{3D018481-91FA-4216-9A16-5C6884527626}.Release|ARM.ActiveCfg = Release|Any CPU
		{3D018481-91FA-4216-9A16-5C6884527626}.Release|ARM.Build.0 = Release|Any CPU
		{3D018481-91FA-4216-9A16-5C6884527626}.Release|ARM64.ActiveCfg = Release|Any CPU
		{3D018481-91FA-4216-9A16-5C6884527626}.Release|ARM64.Build.0 = Release|Any CPU
		{3D018481-91FA-4216-9A16-5C6884527626}.Release|x64.ActiveCfg = Release|Any CPU
		{3D018481-91FA-4216-9A16-5C6884527626}.Release|x64.Build.0 = Release|Any CPU
		{3D018481-91FA-4216-9A16-5C6884527626}.Release|x86.ActiveCfg = Release|Any CPU
		{3D018481-91FA-4216-9A16-5C6884527626}.Release|x86.Build.0 = Release|Any CPU
		{8E335AE7-FECB-433C-95CB-297F2576A985}.Debug|Any CPU.ActiveCfg = Debug|Any CPU
		{8E335AE7-FECB-433C-95CB-297F2576A985}.Debug|Any CPU.Build.0 = Debug|Any CPU
		{8E335AE7-FECB-433C-95CB-297F2576A985}.Debug|ARM.ActiveCfg = Debug|Any CPU
		{8E335AE7-FECB-433C-95CB-297F2576A985}.Debug|ARM.Build.0 = Debug|Any CPU
		{8E335AE7-FECB-433C-95CB-297F2576A985}.Debug|ARM64.ActiveCfg = Debug|Any CPU
		{8E335AE7-FECB-433C-95CB-297F2576A985}.Debug|ARM64.Build.0 = Debug|Any CPU
		{8E335AE7-FECB-433C-95CB-297F2576A985}.Debug|x64.ActiveCfg = Debug|Any CPU
		{8E335AE7-FECB-433C-95CB-297F2576A985}.Debug|x64.Build.0 = Debug|Any CPU
		{8E335AE7-FECB-433C-95CB-297F2576A985}.Debug|x86.ActiveCfg = Debug|Any CPU
		{8E335AE7-FECB-433C-95CB-297F2576A985}.Debug|x86.Build.0 = Debug|Any CPU
		{8E335AE7-FECB-433C-95CB-297F2576A985}.Release|Any CPU.ActiveCfg = Release|Any CPU
		{8E335AE7-FECB-433C-95CB-297F2576A985}.Release|Any CPU.Build.0 = Release|Any CPU
		{8E335AE7-FECB-433C-95CB-297F2576A985}.Release|ARM.ActiveCfg = Release|Any CPU
		{8E335AE7-FECB-433C-95CB-297F2576A985}.Release|ARM.Build.0 = Release|Any CPU
		{8E335AE7-FECB-433C-95CB-297F2576A985}.Release|ARM64.ActiveCfg = Release|Any CPU
		{8E335AE7-FECB-433C-95CB-297F2576A985}.Release|ARM64.Build.0 = Release|Any CPU
		{8E335AE7-FECB-433C-95CB-297F2576A985}.Release|x64.ActiveCfg = Release|Any CPU
		{8E335AE7-FECB-433C-95CB-297F2576A985}.Release|x64.Build.0 = Release|Any CPU
		{8E335AE7-FECB-433C-95CB-297F2576A985}.Release|x86.ActiveCfg = Release|Any CPU
		{8E335AE7-FECB-433C-95CB-297F2576A985}.Release|x86.Build.0 = Release|Any CPU
		{E8616335-21A2-4580-9A3C-6E97B41FACE6}.Debug|Any CPU.ActiveCfg = Debug|Any CPU
		{E8616335-21A2-4580-9A3C-6E97B41FACE6}.Debug|Any CPU.Build.0 = Debug|Any CPU
		{E8616335-21A2-4580-9A3C-6E97B41FACE6}.Debug|ARM.ActiveCfg = Debug|Any CPU
		{E8616335-21A2-4580-9A3C-6E97B41FACE6}.Debug|ARM.Build.0 = Debug|Any CPU
		{E8616335-21A2-4580-9A3C-6E97B41FACE6}.Debug|ARM64.ActiveCfg = Debug|Any CPU
		{E8616335-21A2-4580-9A3C-6E97B41FACE6}.Debug|ARM64.Build.0 = Debug|Any CPU
		{E8616335-21A2-4580-9A3C-6E97B41FACE6}.Debug|x64.ActiveCfg = Debug|Any CPU
		{E8616335-21A2-4580-9A3C-6E97B41FACE6}.Debug|x64.Build.0 = Debug|Any CPU
		{E8616335-21A2-4580-9A3C-6E97B41FACE6}.Debug|x86.ActiveCfg = Debug|Any CPU
		{E8616335-21A2-4580-9A3C-6E97B41FACE6}.Debug|x86.Build.0 = Debug|Any CPU
		{E8616335-21A2-4580-9A3C-6E97B41FACE6}.Release|Any CPU.ActiveCfg = Release|Any CPU
		{E8616335-21A2-4580-9A3C-6E97B41FACE6}.Release|Any CPU.Build.0 = Release|Any CPU
		{E8616335-21A2-4580-9A3C-6E97B41FACE6}.Release|ARM.ActiveCfg = Release|Any CPU
		{E8616335-21A2-4580-9A3C-6E97B41FACE6}.Release|ARM.Build.0 = Release|Any CPU
		{E8616335-21A2-4580-9A3C-6E97B41FACE6}.Release|ARM64.ActiveCfg = Release|Any CPU
		{E8616335-21A2-4580-9A3C-6E97B41FACE6}.Release|ARM64.Build.0 = Release|Any CPU
		{E8616335-21A2-4580-9A3C-6E97B41FACE6}.Release|x64.ActiveCfg = Release|Any CPU
		{E8616335-21A2-4580-9A3C-6E97B41FACE6}.Release|x64.Build.0 = Release|Any CPU
		{E8616335-21A2-4580-9A3C-6E97B41FACE6}.Release|x86.ActiveCfg = Release|Any CPU
		{E8616335-21A2-4580-9A3C-6E97B41FACE6}.Release|x86.Build.0 = Release|Any CPU
	EndGlobalSection
	GlobalSection(SolutionProperties) = preSolution
		HideSolutionNode = FALSE
	EndGlobalSection
	GlobalSection(ExtensibilityGlobals) = postSolution
		SolutionGuid = {389FE301-E046-4E33-9E6D-DBFCE6843CD3}
	EndGlobalSection
EndGlobal
