
Microsoft Visual Studio Solution File, Format Version 12.00
# Visual Studio 15
VisualStudioVersion = 15.0.28307.102
MinimumVisualStudioVersion = 10.0.40219.1
Project("{9A19103F-16F7-4668-BE54-9A1E7A4F7556}") = "BoxOfT", "Box\BoxOfT.csproj", "{BB87AF65-128A-4F58-A051-EAC7D58EE80A}"
EndProject
Project("{9A19103F-16F7-4668-BE54-9A1E7A4F7556}") = "GenericArrayCreator", "ArrayCreator\GenericArrayCreator.csproj", "{9E55698F-6B89-4F37-895D-E0B41F61D596}"
EndProject
Project("{9A19103F-16F7-4668-BE54-9A1E7A4F7556}") = "GenericScale", "GenericScale\GenericScale.csproj", "{5AFBA05B-F0C1-4902-BBB3-5645B777E7A4}"
EndProject
Project("{9A19103F-16F7-4668-BE54-9A1E7A4F7556}") = "GenericBoxOfSting", "GenericBoxOfSting\GenericBoxOfSting.csproj", "{AD22D740-9114-434B-B6CB-23E954CF229B}"
EndProject
Project("{9A19103F-16F7-4668-BE54-9A1E7A4F7556}") = "GenericSwapMethodStrings", "GenericSwapMethodStrings\GenericSwapMethodStrings.csproj", "{9658712A-1E77-4618-B05B-C5205BC1D8F6}"
EndProject
Project("{FAE04EC0-301F-11D3-BF4B-00C04F79EFBC}") = "Tuple", "Tuple\Tuple.csproj", "{26055086-271C-4756-B05F-3904CB4CF710}"
EndProject
Project("{FAE04EC0-301F-11D3-BF4B-00C04F79EFBC}") = "Threeuple", "Threeuple\Threeuple.csproj", "{02148FF6-E219-4287-A8F6-F66CC25F4FE7}"
EndProject
Global
	GlobalSection(SolutionConfigurationPlatforms) = preSolution
		Debug|Any CPU = Debug|Any CPU
		Debug|ARM = Debug|ARM
		Debug|ARM64 = Debug|ARM64
		Debug|x64 = Debug|x64
		Debug|x86 = Debug|x86
		Release|Any CPU = Release|Any CPU
		Release|ARM = Release|ARM
		Release|ARM64 = Release|ARM64
		Release|x64 = Release|x64
		Release|x86 = Release|x86
	EndGlobalSection
	GlobalSection(ProjectConfigurationPlatforms) = postSolution
		{BB87AF65-128A-4F58-A051-EAC7D58EE80A}.Debug|Any CPU.ActiveCfg = Debug|Any CPU
		{BB87AF65-128A-4F58-A051-EAC7D58EE80A}.Debug|Any CPU.Build.0 = Debug|Any CPU
		{BB87AF65-128A-4F58-A051-EAC7D58EE80A}.Debug|ARM.ActiveCfg = Debug|Any CPU
		{BB87AF65-128A-4F58-A051-EAC7D58EE80A}.Debug|ARM.Build.0 = Debug|Any CPU
		{BB87AF65-128A-4F58-A051-EAC7D58EE80A}.Debug|ARM64.ActiveCfg = Debug|Any CPU
		{BB87AF65-128A-4F58-A051-EAC7D58EE80A}.Debug|ARM64.Build.0 = Debug|Any CPU
		{BB87AF65-128A-4F58-A051-EAC7D58EE80A}.Debug|x64.ActiveCfg = Debug|Any CPU
		{BB87AF65-128A-4F58-A051-EAC7D58EE80A}.Debug|x64.Build.0 = Debug|Any CPU
		{BB87AF65-128A-4F58-A051-EAC7D58EE80A}.Debug|x86.ActiveCfg = Debug|Any CPU
		{BB87AF65-128A-4F58-A051-EAC7D58EE80A}.Debug|x86.Build.0 = Debug|Any CPU
		{BB87AF65-128A-4F58-A051-EAC7D58EE80A}.Release|Any CPU.ActiveCfg = Release|Any CPU
		{BB87AF65-128A-4F58-A051-EAC7D58EE80A}.Release|Any CPU.Build.0 = Release|Any CPU
		{BB87AF65-128A-4F58-A051-EAC7D58EE80A}.Release|ARM.ActiveCfg = Release|Any CPU
		{BB87AF65-128A-4F58-A051-EAC7D58EE80A}.Release|ARM.Build.0 = Release|Any CPU
		{BB87AF65-128A-4F58-A051-EAC7D58EE80A}.Release|ARM64.ActiveCfg = Release|Any CPU
		{BB87AF65-128A-4F58-A051-EAC7D58EE80A}.Release|ARM64.Build.0 = Release|Any CPU
		{BB87AF65-128A-4F58-A051-EAC7D58EE80A}.Release|x64.ActiveCfg = Release|Any CPU
		{BB87AF65-128A-4F58-A051-EAC7D58EE80A}.Release|x64.Build.0 = Release|Any CPU
		{BB87AF65-128A-4F58-A051-EAC7D58EE80A}.Release|x86.ActiveCfg = Release|Any CPU
		{BB87AF65-128A-4F58-A051-EAC7D58EE80A}.Release|x86.Build.0 = Release|Any CPU
		{9E55698F-6B89-4F37-895D-E0B41F61D596}.Debug|Any CPU.ActiveCfg = Debug|Any CPU
		{9E55698F-6B89-4F37-895D-E0B41F61D596}.Debug|Any CPU.Build.0 = Debug|Any CPU
		{9E55698F-6B89-4F37-895D-E0B41F61D596}.Debug|ARM.ActiveCfg = Debug|Any CPU
		{9E55698F-6B89-4F37-895D-E0B41F61D596}.Debug|ARM.Build.0 = Debug|Any CPU
		{9E55698F-6B89-4F37-895D-E0B41F61D596}.Debug|ARM64.ActiveCfg = Debug|Any CPU
		{9E55698F-6B89-4F37-895D-E0B41F61D596}.Debug|ARM64.Build.0 = Debug|Any CPU
		{9E55698F-6B89-4F37-895D-E0B41F61D596}.Debug|x64.ActiveCfg = Debug|Any CPU
		{9E55698F-6B89-4F37-895D-E0B41F61D596}.Debug|x64.Build.0 = Debug|Any CPU
		{9E55698F-6B89-4F37-895D-E0B41F61D596}.Debug|x86.ActiveCfg = Debug|Any CPU
		{9E55698F-6B89-4F37-895D-E0B41F61D596}.Debug|x86.Build.0 = Debug|Any CPU
		{9E55698F-6B89-4F37-895D-E0B41F61D596}.Release|Any CPU.ActiveCfg = Release|Any CPU
		{9E55698F-6B89-4F37-895D-E0B41F61D596}.Release|Any CPU.Build.0 = Release|Any CPU
		{9E55698F-6B89-4F37-895D-E0B41F61D596}.Release|ARM.ActiveCfg = Release|Any CPU
		{9E55698F-6B89-4F37-895D-E0B41F61D596}.Release|ARM.Build.0 = Release|Any CPU
		{9E55698F-6B89-4F37-895D-E0B41F61D596}.Release|ARM64.ActiveCfg = Release|Any CPU
		{9E55698F-6B89-4F37-895D-E0B41F61D596}.Release|ARM64.Build.0 = Release|Any CPU
		{9E55698F-6B89-4F37-895D-E0B41F61D596}.Release|x64.ActiveCfg = Release|Any CPU
		{9E55698F-6B89-4F37-895D-E0B41F61D596}.Release|x64.Build.0 = Release|Any CPU
		{9E55698F-6B89-4F37-895D-E0B41F61D596}.Release|x86.ActiveCfg = Release|Any CPU
		{9E55698F-6B89-4F37-895D-E0B41F61D596}.Release|x86.Build.0 = Release|Any CPU
		{5AFBA05B-F0C1-4902-BBB3-5645B777E7A4}.Debug|Any CPU.ActiveCfg = Debug|Any CPU
		{5AFBA05B-F0C1-4902-BBB3-5645B777E7A4}.Debug|Any CPU.Build.0 = Debug|Any CPU
		{5AFBA05B-F0C1-4902-BBB3-5645B777E7A4}.Debug|ARM.ActiveCfg = Debug|Any CPU
		{5AFBA05B-F0C1-4902-BBB3-5645B777E7A4}.Debug|ARM.Build.0 = Debug|Any CPU
		{5AFBA05B-F0C1-4902-BBB3-5645B777E7A4}.Debug|ARM64.ActiveCfg = Debug|Any CPU
		{5AFBA05B-F0C1-4902-BBB3-5645B777E7A4}.Debug|ARM64.Build.0 = Debug|Any CPU
		{5AFBA05B-F0C1-4902-BBB3-5645B777E7A4}.Debug|x64.ActiveCfg = Debug|Any CPU
		{5AFBA05B-F0C1-4902-BBB3-5645B777E7A4}.Debug|x64.Build.0 = Debug|Any CPU
		{5AFBA05B-F0C1-4902-BBB3-5645B777E7A4}.Debug|x86.ActiveCfg = Debug|Any CPU
		{5AFBA05B-F0C1-4902-BBB3-5645B777E7A4}.Debug|x86.Build.0 = Debug|Any CPU
		{5AFBA05B-F0C1-4902-BBB3-5645B777E7A4}.Release|Any CPU.ActiveCfg = Release|Any CPU
		{5AFBA05B-F0C1-4902-BBB3-5645B777E7A4}.Release|Any CPU.Build.0 = Release|Any CPU
		{5AFBA05B-F0C1-4902-BBB3-5645B777E7A4}.Release|ARM.ActiveCfg = Release|Any CPU
		{5AFBA05B-F0C1-4902-BBB3-5645B777E7A4}.Release|ARM.Build.0 = Release|Any CPU
		{5AFBA05B-F0C1-4902-BBB3-5645B777E7A4}.Release|ARM64.ActiveCfg = Release|Any CPU
		{5AFBA05B-F0C1-4902-BBB3-5645B777E7A4}.Release|ARM64.Build.0 = Release|Any CPU
		{5AFBA05B-F0C1-4902-BBB3-5645B777E7A4}.Release|x64.ActiveCfg = Release|Any CPU
		{5AFBA05B-F0C1-4902-BBB3-5645B777E7A4}.Release|x64.Build.0 = Release|Any CPU
		{5AFBA05B-F0C1-4902-BBB3-5645B777E7A4}.Release|x86.ActiveCfg = Release|Any CPU
		{5AFBA05B-F0C1-4902-BBB3-5645B777E7A4}.Release|x86.Build.0 = Release|Any CPU
		{AD22D740-9114-434B-B6CB-23E954CF229B}.Debug|Any CPU.ActiveCfg = Debug|Any CPU
		{AD22D740-9114-434B-B6CB-23E954CF229B}.Debug|Any CPU.Build.0 = Debug|Any CPU
		{AD22D740-9114-434B-B6CB-23E954CF229B}.Debug|ARM.ActiveCfg = Debug|Any CPU
		{AD22D740-9114-434B-B6CB-23E954CF229B}.Debug|ARM.Build.0 = Debug|Any CPU
		{AD22D740-9114-434B-B6CB-23E954CF229B}.Debug|ARM64.ActiveCfg = Debug|Any CPU
		{AD22D740-9114-434B-B6CB-23E954CF229B}.Debug|ARM64.Build.0 = Debug|Any CPU
		{AD22D740-9114-434B-B6CB-23E954CF229B}.Debug|x64.ActiveCfg = Debug|Any CPU
		{AD22D740-9114-434B-B6CB-23E954CF229B}.Debug|x64.Build.0 = Debug|Any CPU
		{AD22D740-9114-434B-B6CB-23E954CF229B}.Debug|x86.ActiveCfg = Debug|Any CPU
		{AD22D740-9114-434B-B6CB-23E954CF229B}.Debug|x86.Build.0 = Debug|Any CPU
		{AD22D740-9114-434B-B6CB-23E954CF229B}.Release|Any CPU.ActiveCfg = Release|Any CPU
		{AD22D740-9114-434B-B6CB-23E954CF229B}.Release|Any CPU.Build.0 = Release|Any CPU
		{AD22D740-9114-434B-B6CB-23E954CF229B}.Release|ARM.ActiveCfg = Release|Any CPU
		{AD22D740-9114-434B-B6CB-23E954CF229B}.Release|ARM.Build.0 = Release|Any CPU
		{AD22D740-9114-434B-B6CB-23E954CF229B}.Release|ARM64.ActiveCfg = Release|Any CPU
		{AD22D740-9114-434B-B6CB-23E954CF229B}.Release|ARM64.Build.0 = Release|Any CPU
		{AD22D740-9114-434B-B6CB-23E954CF229B}.Release|x64.ActiveCfg = Release|Any CPU
		{AD22D740-9114-434B-B6CB-23E954CF229B}.Release|x64.Build.0 = Release|Any CPU
		{AD22D740-9114-434B-B6CB-23E954CF229B}.Release|x86.ActiveCfg = Release|Any CPU
		{AD22D740-9114-434B-B6CB-23E954CF229B}.Release|x86.Build.0 = Release|Any CPU
		{9658712A-1E77-4618-B05B-C5205BC1D8F6}.Debug|Any CPU.ActiveCfg = Debug|Any CPU
		{9658712A-1E77-4618-B05B-C5205BC1D8F6}.Debug|Any CPU.Build.0 = Debug|Any CPU
		{9658712A-1E77-4618-B05B-C5205BC1D8F6}.Debug|ARM.ActiveCfg = Debug|Any CPU
		{9658712A-1E77-4618-B05B-C5205BC1D8F6}.Debug|ARM.Build.0 = Debug|Any CPU
		{9658712A-1E77-4618-B05B-C5205BC1D8F6}.Debug|ARM64.ActiveCfg = Debug|Any CPU
		{9658712A-1E77-4618-B05B-C5205BC1D8F6}.Debug|ARM64.Build.0 = Debug|Any CPU
		{9658712A-1E77-4618-B05B-C5205BC1D8F6}.Debug|x64.ActiveCfg = Debug|Any CPU
		{9658712A-1E77-4618-B05B-C5205BC1D8F6}.Debug|x64.Build.0 = Debug|Any CPU
		{9658712A-1E77-4618-B05B-C5205BC1D8F6}.Debug|x86.ActiveCfg = Debug|Any CPU
		{9658712A-1E77-4618-B05B-C5205BC1D8F6}.Debug|x86.Build.0 = Debug|Any CPU
		{9658712A-1E77-4618-B05B-C5205BC1D8F6}.Release|Any CPU.ActiveCfg = Release|Any CPU
		{9658712A-1E77-4618-B05B-C5205BC1D8F6}.Release|Any CPU.Build.0 = Release|Any CPU
		{9658712A-1E77-4618-B05B-C5205BC1D8F6}.Release|ARM.ActiveCfg = Release|Any CPU
		{9658712A-1E77-4618-B05B-C5205BC1D8F6}.Release|ARM.Build.0 = Release|Any CPU
		{9658712A-1E77-4618-B05B-C5205BC1D8F6}.Release|ARM64.ActiveCfg = Release|Any CPU
		{9658712A-1E77-4618-B05B-C5205BC1D8F6}.Release|ARM64.Build.0 = Release|Any CPU
		{9658712A-1E77-4618-B05B-C5205BC1D8F6}.Release|x64.ActiveCfg = Release|Any CPU
		{9658712A-1E77-4618-B05B-C5205BC1D8F6}.Release|x64.Build.0 = Release|Any CPU
		{9658712A-1E77-4618-B05B-C5205BC1D8F6}.Release|x86.ActiveCfg = Release|Any CPU
		{9658712A-1E77-4618-B05B-C5205BC1D8F6}.Release|x86.Build.0 = Release|Any CPU
		{26055086-271C-4756-B05F-3904CB4CF710}.Debug|Any CPU.ActiveCfg = Debug|Any CPU
		{26055086-271C-4756-B05F-3904CB4CF710}.Debug|Any CPU.Build.0 = Debug|Any CPU
		{26055086-271C-4756-B05F-3904CB4CF710}.Debug|ARM.ActiveCfg = Debug|Any CPU
		{26055086-271C-4756-B05F-3904CB4CF710}.Debug|ARM.Build.0 = Debug|Any CPU
		{26055086-271C-4756-B05F-3904CB4CF710}.Debug|ARM64.ActiveCfg = Debug|Any CPU
		{26055086-271C-4756-B05F-3904CB4CF710}.Debug|ARM64.Build.0 = Debug|Any CPU
		{26055086-271C-4756-B05F-3904CB4CF710}.Debug|x64.ActiveCfg = Debug|Any CPU
		{26055086-271C-4756-B05F-3904CB4CF710}.Debug|x64.Build.0 = Debug|Any CPU
		{26055086-271C-4756-B05F-3904CB4CF710}.Debug|x86.ActiveCfg = Debug|Any CPU
		{26055086-271C-4756-B05F-3904CB4CF710}.Debug|x86.Build.0 = Debug|Any CPU
		{26055086-271C-4756-B05F-3904CB4CF710}.Release|Any CPU.ActiveCfg = Release|Any CPU
		{26055086-271C-4756-B05F-3904CB4CF710}.Release|Any CPU.Build.0 = Release|Any CPU
		{26055086-271C-4756-B05F-3904CB4CF710}.Release|ARM.ActiveCfg = Release|Any CPU
		{26055086-271C-4756-B05F-3904CB4CF710}.Release|ARM.Build.0 = Release|Any CPU
		{26055086-271C-4756-B05F-3904CB4CF710}.Release|ARM64.ActiveCfg = Release|Any CPU
		{26055086-271C-4756-B05F-3904CB4CF710}.Release|ARM64.Build.0 = Release|Any CPU
		{26055086-271C-4756-B05F-3904CB4CF710}.Release|x64.ActiveCfg = Release|Any CPU
		{26055086-271C-4756-B05F-3904CB4CF710}.Release|x64.Build.0 = Release|Any CPU
		{26055086-271C-4756-B05F-3904CB4CF710}.Release|x86.ActiveCfg = Release|Any CPU
		{26055086-271C-4756-B05F-3904CB4CF710}.Release|x86.Build.0 = Release|Any CPU
		{02148FF6-E219-4287-A8F6-F66CC25F4FE7}.Debug|Any CPU.ActiveCfg = Debug|Any CPU
		{02148FF6-E219-4287-A8F6-F66CC25F4FE7}.Debug|Any CPU.Build.0 = Debug|Any CPU
		{02148FF6-E219-4287-A8F6-F66CC25F4FE7}.Debug|ARM.ActiveCfg = Debug|Any CPU
		{02148FF6-E219-4287-A8F6-F66CC25F4FE7}.Debug|ARM.Build.0 = Debug|Any CPU
		{02148FF6-E219-4287-A8F6-F66CC25F4FE7}.Debug|ARM64.ActiveCfg = Debug|Any CPU
		{02148FF6-E219-4287-A8F6-F66CC25F4FE7}.Debug|ARM64.Build.0 = Debug|Any CPU
		{02148FF6-E219-4287-A8F6-F66CC25F4FE7}.Debug|x64.ActiveCfg = Debug|Any CPU
		{02148FF6-E219-4287-A8F6-F66CC25F4FE7}.Debug|x64.Build.0 = Debug|Any CPU
		{02148FF6-E219-4287-A8F6-F66CC25F4FE7}.Debug|x86.ActiveCfg = Debug|Any CPU
		{02148FF6-E219-4287-A8F6-F66CC25F4FE7}.Debug|x86.Build.0 = Debug|Any CPU
		{02148FF6-E219-4287-A8F6-F66CC25F4FE7}.Release|Any CPU.ActiveCfg = Release|Any CPU
		{02148FF6-E219-4287-A8F6-F66CC25F4FE7}.Release|Any CPU.Build.0 = Release|Any CPU
		{02148FF6-E219-4287-A8F6-F66CC25F4FE7}.Release|ARM.ActiveCfg = Release|Any CPU
		{02148FF6-E219-4287-A8F6-F66CC25F4FE7}.Release|ARM.Build.0 = Release|Any CPU
		{02148FF6-E219-4287-A8F6-F66CC25F4FE7}.Release|ARM64.ActiveCfg = Release|Any CPU
		{02148FF6-E219-4287-A8F6-F66CC25F4FE7}.Release|ARM64.Build.0 = Release|Any CPU
		{02148FF6-E219-4287-A8F6-F66CC25F4FE7}.Release|x64.ActiveCfg = Release|Any CPU
		{02148FF6-E219-4287-A8F6-F66CC25F4FE7}.Release|x64.Build.0 = Release|Any CPU
		{02148FF6-E219-4287-A8F6-F66CC25F4FE7}.Release|x86.ActiveCfg = Release|Any CPU
		{02148FF6-E219-4287-A8F6-F66CC25F4FE7}.Release|x86.Build.0 = Release|Any CPU
	EndGlobalSection
	GlobalSection(SolutionProperties) = preSolution
		HideSolutionNode = FALSE
	EndGlobalSection
	GlobalSection(ExtensibilityGlobals) = postSolution
		SolutionGuid = {9229BAA6-82F3-4A8D-A52B-F89329AF02BF}
	EndGlobalSection
EndGlobal
